
Microsoft Visual Studio Solution File, Format Version 12.00
# Visual Studio Version 17
VisualStudioVersion = 17.8.34330.188
MinimumVisualStudioVersion = 10.0.40219.1
Project("{2150E333-8FDC-42A3-9474-1A3956D46DE8}") = "2023", "2023", "{CF526890-96E8-4253-A9DB-4E86A93B9B96}"
EndProject
Project("{2150E333-8FDC-42A3-9474-1A3956D46DE8}") = "Day01", "Day01", "{922F6ECB-C1CA-4119-8752-523ACDE90AE6}"
EndProject
Project("{9A19103F-16F7-4668-BE54-9A1E7A4F7556}") = "Day01.Src", "2023\Day01\src\Day01.Src.csproj", "{069A9E88-76C5-464F-86BB-1B2851ECB9ED}"
EndProject
Project("{9A19103F-16F7-4668-BE54-9A1E7A4F7556}") = "Day01.Test", "2023\Day01\tests\Day01.Test.csproj", "{7C653B2A-1B97-43C0-B08E-6AE4D398EA73}"
EndProject
Project("{2150E333-8FDC-42A3-9474-1A3956D46DE8}") = "Day02", "Day02", "{46890B88-D1FD-4DD1-8052-465A52DB0292}"
EndProject
Project("{9A19103F-16F7-4668-BE54-9A1E7A4F7556}") = "Day02.Src", "2023\Day02\Day02.Src\Day02.Src.csproj", "{DFEC2C4B-0DF8-473F-99F1-454A0F20A6D6}"
EndProject
Project("{9A19103F-16F7-4668-BE54-9A1E7A4F7556}") = "Day02.Test", "2023\Day02\Day02.Test\Day02.Test.csproj", "{93526665-9BD5-4DDB-A096-E555BF745454}"
EndProject
Project("{2150E333-8FDC-42A3-9474-1A3956D46DE8}") = "Day03", "Day03", "{0BC1C236-BB5B-4F21-9589-571E60D55D3A}"
EndProject
Project("{2150E333-8FDC-42A3-9474-1A3956D46DE8}") = "2024", "2024", "{62EF6900-E43D-4D4A-9685-B84E887EC1DD}"
EndProject
Project("{2150E333-8FDC-42A3-9474-1A3956D46DE8}") = "Day01", "Day01", "{BA8D38C0-B173-4938-889C-6B06744C768D}"
EndProject
Project("{9A19103F-16F7-4668-BE54-9A1E7A4F7556}") = "Day01.Src", "2024\Day01\Day01.Src\Day01.Src.csproj", "{94DB3D1F-D48F-4D29-BACC-E7B9466747D5}"
EndProject
Project("{9A19103F-16F7-4668-BE54-9A1E7A4F7556}") = "Day03.Src", "2023\Day03\Day03.Src\Day03.Src.csproj", "{AEC47D49-CA2D-4A45-A069-E1EDAD457B55}"
EndProject
Project("{9A19103F-16F7-4668-BE54-9A1E7A4F7556}") = "Day03.Test", "2023\Day03\Day03.Test\Day03.Test.csproj", "{D5CEEE42-9726-46EA-915F-83027E5E1F0D}"
EndProject
Project("{2150E333-8FDC-42A3-9474-1A3956D46DE8}") = "Day04", "Day04", "{92716CA9-FCC8-479D-92F3-F6DA4D03CA1E}"
EndProject
Project("{9A19103F-16F7-4668-BE54-9A1E7A4F7556}") = "Day04.Src", "2023\Day04\Day04.Src\Day04.Src.csproj", "{F4F6C825-41BC-437B-ADA0-D9CF730C4730}"
EndProject
Project("{9A19103F-16F7-4668-BE54-9A1E7A4F7556}") = "Day04.Test", "2023\Day04\Day04.Test\Day04.Test.csproj", "{17E73A15-844F-40C5-939D-7148F0738EE7}"
EndProject
Project("{2150E333-8FDC-42A3-9474-1A3956D46DE8}") = "Day05", "Day05", "{EEB95B4C-0981-4FC6-ACF0-C34DA8731FDB}"
EndProject
Project("{9A19103F-16F7-4668-BE54-9A1E7A4F7556}") = "Day05.Src", "2023\Day05\Day05.Src\Day05.Src.csproj", "{9D6A4945-CF53-44A9-987A-657D407BC5FA}"
EndProject
Project("{9A19103F-16F7-4668-BE54-9A1E7A4F7556}") = "Day05.Test", "2023\Day05\Day05.Test\Day05.Test.csproj", "{487F313B-43DC-456F-B125-C4E9C13D663A}"
EndProject
Project("{2150E333-8FDC-42A3-9474-1A3956D46DE8}") = "Day06", "Day06", "{C4D06E7D-5884-4D2B-A061-1023DC849E5D}"
EndProject
Project("{9A19103F-16F7-4668-BE54-9A1E7A4F7556}") = "Day06.Src", "2023\Day06\Day06.Src\Day06.Src.csproj", "{6174ECFD-7207-4C1D-AEF1-1E6B58226CA7}"
EndProject
Project("{9A19103F-16F7-4668-BE54-9A1E7A4F7556}") = "Day06.Test", "2023\Day06\Day06.Test\Day06.Test.csproj", "{29D5B83C-7B7D-426A-A8EC-12FA62C8EDFA}"
EndProject
Project("{2150E333-8FDC-42A3-9474-1A3956D46DE8}") = "Day07", "Day07", "{6CAC4E55-12FC-4ADD-AA41-EA0A8602767B}"
EndProject
Project("{9A19103F-16F7-4668-BE54-9A1E7A4F7556}") = "Day07.Src", "2023\Day07\Day07.Src\Day07.Src.csproj", "{C03F525D-CF3D-4C64-9451-277B808C5F24}"
EndProject
Project("{9A19103F-16F7-4668-BE54-9A1E7A4F7556}") = "Day07.Test", "2023\Day07\Day07.Test\Day07.Test.csproj", "{2375F024-FF95-4F93-B7FD-0C4C77E48506}"
EndProject
Project("{2150E333-8FDC-42A3-9474-1A3956D46DE8}") = "Day08", "Day08", "{D11974A4-475A-480F-A25F-B9F092188A7B}"
EndProject
Project("{9A19103F-16F7-4668-BE54-9A1E7A4F7556}") = "Day08.Src", "2023\Day08\Day08.Src\Day08.Src.csproj", "{9A94CFD9-7450-44DE-8691-D03D1D9DF4AF}"
EndProject
Project("{9A19103F-16F7-4668-BE54-9A1E7A4F7556}") = "Day08.Test", "2023\Day08\Day08.Test\Day08.Test.csproj", "{6CCAAA5C-C54F-4800-910D-656D9D0050C3}"
EndProject
Project("{2150E333-8FDC-42A3-9474-1A3956D46DE8}") = "Day09", "Day09", "{B9C8F46E-3D1E-4EA5-9BA4-DC5B4DE18DDA}"
EndProject
Project("{9A19103F-16F7-4668-BE54-9A1E7A4F7556}") = "Day09.Src", "2023\Day09\Day09.Src\Day09.Src.csproj", "{048EFB3B-656D-4710-BCF9-DCA25726F4E7}"
EndProject
Project("{9A19103F-16F7-4668-BE54-9A1E7A4F7556}") = "Day09.Test", "2023\Day09\Day09.Test\Day09.Test.csproj", "{C9C2AC47-26A6-4163-9295-9CA176E2EFA4}"
EndProject
Project("{2150E333-8FDC-42A3-9474-1A3956D46DE8}") = "Day10", "Day10", "{E3062E85-212A-46CD-9A19-4733A81C6BAC}"
EndProject
Project("{9A19103F-16F7-4668-BE54-9A1E7A4F7556}") = "Day10.Src", "2023\Day10\Day10.Src\Day10.Src.csproj", "{93EC947E-B8A3-4D78-8420-9042C4C57B06}"
EndProject
Project("{9A19103F-16F7-4668-BE54-9A1E7A4F7556}") = "Day10.Test", "2023\Day10\Day10.Test\Day10.Test.csproj", "{5A80243D-5A5B-4514-8274-923ED787E36A}"
EndProject
Project("{2150E333-8FDC-42A3-9474-1A3956D46DE8}") = "Day11", "Day11", "{AD7A0CC3-6BD0-4563-99C1-A1B4C7827E68}"
EndProject
Project("{9A19103F-16F7-4668-BE54-9A1E7A4F7556}") = "Day11.Src", "2023\Day11\Day11.Src\Day11.Src.csproj", "{F1959BF4-4F0A-4CEC-9978-0EDF9E16D86C}"
EndProject
Project("{9A19103F-16F7-4668-BE54-9A1E7A4F7556}") = "Day11.Test", "2023\Day11\Day11.Test\Day11.Test.csproj", "{FAEF90B3-7CE9-421E-ABD1-4B9F212F271F}"
EndProject
Project("{2150E333-8FDC-42A3-9474-1A3956D46DE8}") = "Day12", "Day12", "{4F3B9F53-2912-4BA1-A4FF-7E9AF6C1752E}"
EndProject
Project("{9A19103F-16F7-4668-BE54-9A1E7A4F7556}") = "Day12.Src", "2023\Day12\Day12.Src\Day12.Src.csproj", "{23E5B748-F0DA-45C8-BE0C-10B9ACC99A87}"
EndProject
Project("{9A19103F-16F7-4668-BE54-9A1E7A4F7556}") = "Day12.Test", "2023\Day12\Day12.Test\Day12.Test.csproj", "{3F682277-7DF6-4107-9D69-080029E18C98}"
EndProject
Project("{2150E333-8FDC-42A3-9474-1A3956D46DE8}") = "Day13", "Day13", "{03C2F2B7-68B2-4EDE-8F6D-7DA11D9F676A}"
EndProject
Project("{9A19103F-16F7-4668-BE54-9A1E7A4F7556}") = "Day13.Src", "2023\Day13\Day13.Src\Day13.Src.csproj", "{E08E117C-5B8A-4A65-A8B4-510F343BDCB7}"
EndProject
Project("{9A19103F-16F7-4668-BE54-9A1E7A4F7556}") = "Day13.Test", "2023\Day13\Day13.Test\Day13.Test.csproj", "{392FEF67-D2A3-46BD-ACAA-7C1EC7D425A1}"
EndProject
Project("{2150E333-8FDC-42A3-9474-1A3956D46DE8}") = "Day14", "Day14", "{A2FD2FA2-2FA7-44B5-9516-E1F01E78184F}"
EndProject
Project("{9A19103F-16F7-4668-BE54-9A1E7A4F7556}") = "Day14.Src", "2023\Day14\Day14.Src\Day14.Src.csproj", "{80D6422C-84AB-4BDD-9188-83EA4A2F970C}"
EndProject
Project("{9A19103F-16F7-4668-BE54-9A1E7A4F7556}") = "Day14.Test", "2023\Day14\Day14.Test\Day14.Test.csproj", "{F4DCDA3B-ED96-47DE-97EC-E926FA97C3C4}"
EndProject
Project("{2150E333-8FDC-42A3-9474-1A3956D46DE8}") = "Day15", "Day15", "{EE522B3C-F34E-4924-B3A8-2000B1934672}"
EndProject
Project("{9A19103F-16F7-4668-BE54-9A1E7A4F7556}") = "Day15.Src", "2023\Day15\Day15.Src\Day15.Src.csproj", "{D1300691-597C-4F4F-B1BB-7749F96E9E68}"
EndProject
Project("{9A19103F-16F7-4668-BE54-9A1E7A4F7556}") = "Day15.Test", "2023\Day15\Day15.Test\Day15.Test.csproj", "{804C13C0-448B-4B2B-A6B2-35EC7CF86A04}"
EndProject
Project("{2150E333-8FDC-42A3-9474-1A3956D46DE8}") = "Day16", "Day16", "{1F46CF24-F2B6-4A50-B540-58BE70726B2D}"
EndProject
Project("{9A19103F-16F7-4668-BE54-9A1E7A4F7556}") = "Day16.Src", "2023\Day16\Day16.Src\Day16.Src.csproj", "{67F86F07-1C36-4A6D-A6B3-DB4BCB6B5784}"
EndProject
Project("{9A19103F-16F7-4668-BE54-9A1E7A4F7556}") = "Day16.Test", "2023\Day16\Day16.Test\Day16.Test.csproj", "{C860B66C-5FF9-4841-BA21-76966047FC93}"
EndProject
Project("{2150E333-8FDC-42A3-9474-1A3956D46DE8}") = "Day18", "Day18", "{B252945E-6020-4217-9466-E9878E4FE331}"
EndProject
Project("{9A19103F-16F7-4668-BE54-9A1E7A4F7556}") = "Day18.Src", "2023\Day18\Day18.Src\Day18.Src.csproj", "{8D298E65-C178-46BF-A1FE-2FAC479020C1}"
EndProject
Project("{9A19103F-16F7-4668-BE54-9A1E7A4F7556}") = "Day18.Test", "2023\Day18\Day18.Test\Day18.Test.csproj", "{601DD69A-64B4-46A6-A87E-EC426574417A}"
EndProject
Project("{2150E333-8FDC-42A3-9474-1A3956D46DE8}") = "Day19", "Day19", "{0C6734D5-FF32-4354-8982-AAA683252FE2}"
EndProject
Project("{9A19103F-16F7-4668-BE54-9A1E7A4F7556}") = "Day19.Src", "2023\Day19\Day19.Src\Day19.Src.csproj", "{C5778001-0692-4773-BA91-64C1B1C49594}"
EndProject
Project("{9A19103F-16F7-4668-BE54-9A1E7A4F7556}") = "Day19.Test", "2023\Day19\Day19.Test\Day19.Test.csproj", "{F5ECB1F4-14F0-4F66-BE92-C784634F944A}"
EndProject
Project("{2150E333-8FDC-42A3-9474-1A3956D46DE8}") = "Day21", "Day21", "{8CB77FF1-4336-4881-BFC2-8FBF0B516EA1}"
EndProject
Project("{9A19103F-16F7-4668-BE54-9A1E7A4F7556}") = "Day21.Src", "2023\Day21\Day21.Src\Day21.Src.csproj", "{BD3A8663-F694-4BD3-BB57-5FFC5942E61C}"
EndProject
Project("{9A19103F-16F7-4668-BE54-9A1E7A4F7556}") = "Day21.Test", "2023\Day21\Day21.Test\Day21.Test.csproj", "{911201BE-C324-4869-A082-F03EF144FD64}"
EndProject
Project("{FAE04EC0-301F-11D3-BF4B-00C04F79EFBC}") = "Day01.Test", "2024\Day01\Day01.Test\Day01.Test.csproj", "{FE1B05A8-87E7-4602-A626-71876A28CD0C}"
EndProject
Project("{2150E333-8FDC-42A3-9474-1A3956D46DE8}") = "Day02", "Day02", "{26A20850-B06C-4C1F-A2F9-30281E937645}"
EndProject
Project("{FAE04EC0-301F-11D3-BF4B-00C04F79EFBC}") = "Day02.Src", "2024\Day02\Day02.Src\Day02.Src.csproj", "{0D4C7E01-C42A-41D4-9E71-6DB100DCE8DE}"
EndProject
Project("{FAE04EC0-301F-11D3-BF4B-00C04F79EFBC}") = "Day02.Test", "2024\Day02\Day02.Test\Day02.Test.csproj", "{0FA6B404-261D-4316-886C-C97A62145987}"
EndProject
Project("{2150E333-8FDC-42A3-9474-1A3956D46DE8}") = "Day03", "Day03", "{A188AF58-C619-4B51-BDE9-74ACB5588509}"
EndProject
Project("{FAE04EC0-301F-11D3-BF4B-00C04F79EFBC}") = "Day03.Src", "2024\Day03\Day03.Src\Day03.Src.csproj", "{2BD0D280-F43C-4D82-8B1C-7D284298FABC}"
EndProject
Project("{FAE04EC0-301F-11D3-BF4B-00C04F79EFBC}") = "Day03.Test", "2024\Day03\Day03.Test\Day03.Test.csproj", "{D3EB7F45-C3BF-4E4E-A0CC-0E1799B3A93B}"
EndProject
Project("{2150E333-8FDC-42A3-9474-1A3956D46DE8}") = "Day04", "Day04", "{586DA71B-55C7-49F9-A702-55061F309DA2}"
EndProject
Project("{FAE04EC0-301F-11D3-BF4B-00C04F79EFBC}") = "Day04.Src", "2024\Day04\Day04.Src\Day04.Src.csproj", "{6582C5C6-06FA-48F6-BB92-18291B861BA0}"
EndProject
Project("{FAE04EC0-301F-11D3-BF4B-00C04F79EFBC}") = "Day04.Test", "2024\Day04\Day04.Test\Day04.Test.csproj", "{E46F49A4-D75D-4170-A947-B324F931684F}"
EndProject
Project("{2150E333-8FDC-42A3-9474-1A3956D46DE8}") = "Day05", "Day05", "{22807BC1-EFF4-446E-9503-DA8C30C1F049}"
EndProject
Project("{FAE04EC0-301F-11D3-BF4B-00C04F79EFBC}") = "Day05.Src", "2024\Day05\Day05.Src\Day05.Src.csproj", "{32168D53-23EC-44B8-B821-771CAA763007}"
EndProject
Project("{FAE04EC0-301F-11D3-BF4B-00C04F79EFBC}") = "Day05.Test", "2024\Day05\Day05.Test\Day05.Test.csproj", "{62EB0538-D6C3-4A85-BD07-732920A3F036}"
EndProject
Project("{2150E333-8FDC-42A3-9474-1A3956D46DE8}") = "Day06", "Day06", "{5FD4CC15-21FF-48E0-8654-C05DE84370D6}"
EndProject
Project("{FAE04EC0-301F-11D3-BF4B-00C04F79EFBC}") = "Day06.Src", "2024\Day06\Day06.Src\Day06.Src.csproj", "{1DDD6632-4FBF-4651-8F0B-62B128A9E9EA}"
EndProject
Project("{FAE04EC0-301F-11D3-BF4B-00C04F79EFBC}") = "Day06.Test", "2024\Day06\Day06.Test\Day06.Test.csproj", "{E72D105A-20F6-49CD-A379-8A5DCECFD198}"
EndProject
Project("{2150E333-8FDC-42A3-9474-1A3956D46DE8}") = "Day07", "Day07", "{A78F97D7-7A9E-4D69-98EA-1B2787E1ED01}"
EndProject
Project("{FAE04EC0-301F-11D3-BF4B-00C04F79EFBC}") = "Day07.Src", "2024\Day07\Day07.Src\Day07.Src.csproj", "{F10CAF61-75AF-499F-BF99-113D74AC3AC8}"
EndProject
Project("{FAE04EC0-301F-11D3-BF4B-00C04F79EFBC}") = "Day07.Test", "2024\Day07\Day07.Test\Day07.Test.csproj", "{5D8CF594-16F7-4F4E-8643-2B3C2F922361}"
EndProject
Project("{2150E333-8FDC-42A3-9474-1A3956D46DE8}") = "Day08", "Day08", "{27460C9A-3C78-408B-AD35-F51B7BDDD915}"
EndProject
Project("{FAE04EC0-301F-11D3-BF4B-00C04F79EFBC}") = "Day08.Src", "2024\Day08\Day08.Src\Day08.Src.csproj", "{8EA40036-B440-4B8A-9594-34883AA3812F}"
EndProject
Project("{FAE04EC0-301F-11D3-BF4B-00C04F79EFBC}") = "Day08.Test", "2024\Day08\Day08.Test\Day08.Test.csproj", "{487AFDE4-74C9-42BA-8797-8F14FBC4ABA7}"
EndProject
Project("{2150E333-8FDC-42A3-9474-1A3956D46DE8}") = "Day09", "Day09", "{049C6AAE-8DA1-4759-A195-497C2C1442E8}"
EndProject
Project("{FAE04EC0-301F-11D3-BF4B-00C04F79EFBC}") = "Day09.Src", "2024\Day09\Day09.Src\Day09.Src.csproj", "{2DE89581-8C85-4391-9ECB-EEB299D1151B}"
EndProject
Project("{FAE04EC0-301F-11D3-BF4B-00C04F79EFBC}") = "Day09.Test", "2024\Day09\Day09.Test\Day09.Test.csproj", "{967B8962-DDA6-47CC-862A-E6CF282567D2}"
EndProject
Project("{2150E333-8FDC-42A3-9474-1A3956D46DE8}") = "Day10", "Day10", "{0A01CFB0-9812-4FC8-8228-5AAD74E11636}"
EndProject
Project("{FAE04EC0-301F-11D3-BF4B-00C04F79EFBC}") = "Day10.Src", "2024\Day10\Day10.Src\Day10.Src.csproj", "{D26907B1-B2F5-4E3D-9CC2-936872EA38DC}"
EndProject
Project("{FAE04EC0-301F-11D3-BF4B-00C04F79EFBC}") = "Day10.Test", "2024\Day10\Day10.Test\Day10.Test.csproj", "{A03E1CD1-7EAC-4D01-8F9B-BF16EDA0E331}"
EndProject
Project("{2150E333-8FDC-42A3-9474-1A3956D46DE8}") = "Day11", "Day11", "{14986BA9-4A9C-41BE-8EB3-13C62838820C}"
EndProject
Project("{FAE04EC0-301F-11D3-BF4B-00C04F79EFBC}") = "Day11.Src", "2024\Day11\Day11.Src\Day11.Src.csproj", "{E6AFF5CD-14B8-47B4-AF68-AA09DB1236F5}"
EndProject
Project("{FAE04EC0-301F-11D3-BF4B-00C04F79EFBC}") = "Day11.Test", "2024\Day11\Day11.Test\Day11.Test.csproj", "{1D9CDF30-D008-443D-9CED-6C9415B4FB19}"
EndProject
Project("{2150E333-8FDC-42A3-9474-1A3956D46DE8}") = "Day14", "Day14", "{518FD5D9-EF38-44F6-A525-E98370A56D29}"
EndProject
Project("{2150E333-8FDC-42A3-9474-1A3956D46DE8}") = "Day15", "Day15", "{9187AD82-3C78-4838-82F4-341693D0BE2F}"
EndProject
Project("{FAE04EC0-301F-11D3-BF4B-00C04F79EFBC}") = "Day15.Src", "2024\Day15\Day15.Src\Day15.Src.csproj", "{F82C6E19-C7BC-462B-9D05-B7F09756D22C}"
EndProject
Project("{FAE04EC0-301F-11D3-BF4B-00C04F79EFBC}") = "Day15.Test", "2024\Day15\Day15.Test\Day15.Test.csproj", "{D64B8150-FDBD-498F-A340-46CB87D10693}"
EndProject
Project("{FAE04EC0-301F-11D3-BF4B-00C04F79EFBC}") = "Day14.Src", "2024\Day14\Day14.Src\Day14.Src.csproj", "{8B466D0C-01CF-436C-ABD4-52DE97DA0BC7}"
EndProject
Project("{FAE04EC0-301F-11D3-BF4B-00C04F79EFBC}") = "Day14.Test", "2024\Day14\Day14.Test\Day14.Test.csproj", "{704A6348-1D8A-40CE-85DF-D88674C29484}"
EndProject
Project("{2150E333-8FDC-42A3-9474-1A3956D46DE8}") = "Day12", "Day12", "{597DF5B3-15FA-4B76-A9A1-814174626356}"
EndProject
Project("{FAE04EC0-301F-11D3-BF4B-00C04F79EFBC}") = "Day12.Src", "2024\Day12\Day12.Src\Day12.Src.csproj", "{3FC1CBAF-CCD0-4356-AB46-8D9743CC0584}"
EndProject
Project("{FAE04EC0-301F-11D3-BF4B-00C04F79EFBC}") = "Day12.Test", "2024\Day12\Day12.Test\Day12.Test.csproj", "{D6684745-75F9-46BE-A36B-4345D02FB489}"
EndProject
Project("{2150E333-8FDC-42A3-9474-1A3956D46DE8}") = "Day16", "Day16", "{6D970E2F-60D6-4B2D-AC68-CF7B414AC5E1}"
EndProject
Project("{FAE04EC0-301F-11D3-BF4B-00C04F79EFBC}") = "Day16.Src", "2024\Day16\Day16.Src\Day16.Src.csproj", "{8DF848B2-5316-43FD-8AE5-34CAB03D36C4}"
EndProject
Project("{FAE04EC0-301F-11D3-BF4B-00C04F79EFBC}") = "Day16.Test", "2024\Day16\Day16.Test\Day16.Test.csproj", "{6E112957-15B6-4D4E-B8D6-3B880263AE6F}"
EndProject
Project("{2150E333-8FDC-42A3-9474-1A3956D46DE8}") = "Day17", "Day17", "{30EB9541-172D-456E-A3AA-D12795ED904E}"
EndProject
Project("{FAE04EC0-301F-11D3-BF4B-00C04F79EFBC}") = "Day17.Src", "2024\Day17\Day17.Src\Day17.Src.csproj", "{E0075204-5495-483B-A6A4-562CEDB4BDFA}"
EndProject
Project("{FAE04EC0-301F-11D3-BF4B-00C04F79EFBC}") = "Day17.Test", "2024\Day17\Day17.Test\Day17.Test.csproj", "{3E5A4053-5EA5-4BA8-AF08-C1FACF452E9A}"
EndProject
Project("{2150E333-8FDC-42A3-9474-1A3956D46DE8}") = "2015", "2015", "{02EA681E-C7D8-13C7-8484-4AC65E1B71E8}"
EndProject
Project("{FAE04EC0-301F-11D3-BF4B-00C04F79EFBC}") = "Src", "2015\Src\Src.csproj", "{64441D3A-800F-4B1F-BB46-6381F418D950}"
EndProject
Project("{FAE04EC0-301F-11D3-BF4B-00C04F79EFBC}") = "Tests", "2015\Tests\Tests.csproj", "{10FFCBC3-70CA-4432-87D5-74F6B56E449C}"
EndProject
Project("{2150E333-8FDC-42A3-9474-1A3956D46DE8}") = "2025", "2025", "{44B55FB7-22EC-456F-99AD-87907BA2ACAB}"
EndProject
Project("{FAE04EC0-301F-11D3-BF4B-00C04F79EFBC}") = "Src", "2025\Src\Src.csproj", "{00135325-7389-4FE0-82BD-2B4BEB5D660E}"
EndProject
Project("{FAE04EC0-301F-11D3-BF4B-00C04F79EFBC}") = "Tests", "2025\Tests\Tests.csproj", "{2E3F2DE1-B726-44EE-9322-61EF9BC7C09D}"
EndProject
Global
	GlobalSection(SolutionConfigurationPlatforms) = preSolution
		Debug|Any CPU = Debug|Any CPU
		Release|Any CPU = Release|Any CPU
	EndGlobalSection
	GlobalSection(ProjectConfigurationPlatforms) = postSolution
		{069A9E88-76C5-464F-86BB-1B2851ECB9ED}.Debug|Any CPU.ActiveCfg = Debug|Any CPU
		{069A9E88-76C5-464F-86BB-1B2851ECB9ED}.Debug|Any CPU.Build.0 = Debug|Any CPU
		{069A9E88-76C5-464F-86BB-1B2851ECB9ED}.Release|Any CPU.ActiveCfg = Release|Any CPU
		{069A9E88-76C5-464F-86BB-1B2851ECB9ED}.Release|Any CPU.Build.0 = Release|Any CPU
		{7C653B2A-1B97-43C0-B08E-6AE4D398EA73}.Debug|Any CPU.ActiveCfg = Debug|Any CPU
		{7C653B2A-1B97-43C0-B08E-6AE4D398EA73}.Debug|Any CPU.Build.0 = Debug|Any CPU
		{7C653B2A-1B97-43C0-B08E-6AE4D398EA73}.Release|Any CPU.ActiveCfg = Release|Any CPU
		{7C653B2A-1B97-43C0-B08E-6AE4D398EA73}.Release|Any CPU.Build.0 = Release|Any CPU
		{DFEC2C4B-0DF8-473F-99F1-454A0F20A6D6}.Debug|Any CPU.ActiveCfg = Debug|Any CPU
		{DFEC2C4B-0DF8-473F-99F1-454A0F20A6D6}.Debug|Any CPU.Build.0 = Debug|Any CPU
		{DFEC2C4B-0DF8-473F-99F1-454A0F20A6D6}.Release|Any CPU.ActiveCfg = Release|Any CPU
		{DFEC2C4B-0DF8-473F-99F1-454A0F20A6D6}.Release|Any CPU.Build.0 = Release|Any CPU
		{93526665-9BD5-4DDB-A096-E555BF745454}.Debug|Any CPU.ActiveCfg = Debug|Any CPU
		{93526665-9BD5-4DDB-A096-E555BF745454}.Debug|Any CPU.Build.0 = Debug|Any CPU
		{93526665-9BD5-4DDB-A096-E555BF745454}.Release|Any CPU.ActiveCfg = Release|Any CPU
		{93526665-9BD5-4DDB-A096-E555BF745454}.Release|Any CPU.Build.0 = Release|Any CPU
		{94DB3D1F-D48F-4D29-BACC-E7B9466747D5}.Debug|Any CPU.ActiveCfg = Debug|Any CPU
		{94DB3D1F-D48F-4D29-BACC-E7B9466747D5}.Debug|Any CPU.Build.0 = Debug|Any CPU
		{94DB3D1F-D48F-4D29-BACC-E7B9466747D5}.Release|Any CPU.ActiveCfg = Release|Any CPU
		{94DB3D1F-D48F-4D29-BACC-E7B9466747D5}.Release|Any CPU.Build.0 = Release|Any CPU
		{AEC47D49-CA2D-4A45-A069-E1EDAD457B55}.Debug|Any CPU.ActiveCfg = Debug|Any CPU
		{AEC47D49-CA2D-4A45-A069-E1EDAD457B55}.Debug|Any CPU.Build.0 = Debug|Any CPU
		{AEC47D49-CA2D-4A45-A069-E1EDAD457B55}.Release|Any CPU.ActiveCfg = Release|Any CPU
		{AEC47D49-CA2D-4A45-A069-E1EDAD457B55}.Release|Any CPU.Build.0 = Release|Any CPU
		{D5CEEE42-9726-46EA-915F-83027E5E1F0D}.Debug|Any CPU.ActiveCfg = Debug|Any CPU
		{D5CEEE42-9726-46EA-915F-83027E5E1F0D}.Debug|Any CPU.Build.0 = Debug|Any CPU
		{D5CEEE42-9726-46EA-915F-83027E5E1F0D}.Release|Any CPU.ActiveCfg = Release|Any CPU
		{D5CEEE42-9726-46EA-915F-83027E5E1F0D}.Release|Any CPU.Build.0 = Release|Any CPU
		{F4F6C825-41BC-437B-ADA0-D9CF730C4730}.Debug|Any CPU.ActiveCfg = Debug|Any CPU
		{F4F6C825-41BC-437B-ADA0-D9CF730C4730}.Debug|Any CPU.Build.0 = Debug|Any CPU
		{F4F6C825-41BC-437B-ADA0-D9CF730C4730}.Release|Any CPU.ActiveCfg = Release|Any CPU
		{F4F6C825-41BC-437B-ADA0-D9CF730C4730}.Release|Any CPU.Build.0 = Release|Any CPU
		{17E73A15-844F-40C5-939D-7148F0738EE7}.Debug|Any CPU.ActiveCfg = Debug|Any CPU
		{17E73A15-844F-40C5-939D-7148F0738EE7}.Debug|Any CPU.Build.0 = Debug|Any CPU
		{17E73A15-844F-40C5-939D-7148F0738EE7}.Release|Any CPU.ActiveCfg = Release|Any CPU
		{17E73A15-844F-40C5-939D-7148F0738EE7}.Release|Any CPU.Build.0 = Release|Any CPU
		{9D6A4945-CF53-44A9-987A-657D407BC5FA}.Debug|Any CPU.ActiveCfg = Debug|Any CPU
		{9D6A4945-CF53-44A9-987A-657D407BC5FA}.Debug|Any CPU.Build.0 = Debug|Any CPU
		{9D6A4945-CF53-44A9-987A-657D407BC5FA}.Release|Any CPU.ActiveCfg = Release|Any CPU
		{9D6A4945-CF53-44A9-987A-657D407BC5FA}.Release|Any CPU.Build.0 = Release|Any CPU
		{487F313B-43DC-456F-B125-C4E9C13D663A}.Debug|Any CPU.ActiveCfg = Debug|Any CPU
		{487F313B-43DC-456F-B125-C4E9C13D663A}.Debug|Any CPU.Build.0 = Debug|Any CPU
		{487F313B-43DC-456F-B125-C4E9C13D663A}.Release|Any CPU.ActiveCfg = Release|Any CPU
		{487F313B-43DC-456F-B125-C4E9C13D663A}.Release|Any CPU.Build.0 = Release|Any CPU
		{6174ECFD-7207-4C1D-AEF1-1E6B58226CA7}.Debug|Any CPU.ActiveCfg = Debug|Any CPU
		{6174ECFD-7207-4C1D-AEF1-1E6B58226CA7}.Debug|Any CPU.Build.0 = Debug|Any CPU
		{6174ECFD-7207-4C1D-AEF1-1E6B58226CA7}.Release|Any CPU.ActiveCfg = Release|Any CPU
		{6174ECFD-7207-4C1D-AEF1-1E6B58226CA7}.Release|Any CPU.Build.0 = Release|Any CPU
		{29D5B83C-7B7D-426A-A8EC-12FA62C8EDFA}.Debug|Any CPU.ActiveCfg = Debug|Any CPU
		{29D5B83C-7B7D-426A-A8EC-12FA62C8EDFA}.Debug|Any CPU.Build.0 = Debug|Any CPU
		{29D5B83C-7B7D-426A-A8EC-12FA62C8EDFA}.Release|Any CPU.ActiveCfg = Release|Any CPU
		{29D5B83C-7B7D-426A-A8EC-12FA62C8EDFA}.Release|Any CPU.Build.0 = Release|Any CPU
		{C03F525D-CF3D-4C64-9451-277B808C5F24}.Debug|Any CPU.ActiveCfg = Debug|Any CPU
		{C03F525D-CF3D-4C64-9451-277B808C5F24}.Debug|Any CPU.Build.0 = Debug|Any CPU
		{C03F525D-CF3D-4C64-9451-277B808C5F24}.Release|Any CPU.ActiveCfg = Release|Any CPU
		{C03F525D-CF3D-4C64-9451-277B808C5F24}.Release|Any CPU.Build.0 = Release|Any CPU
		{2375F024-FF95-4F93-B7FD-0C4C77E48506}.Debug|Any CPU.ActiveCfg = Debug|Any CPU
		{2375F024-FF95-4F93-B7FD-0C4C77E48506}.Debug|Any CPU.Build.0 = Debug|Any CPU
		{2375F024-FF95-4F93-B7FD-0C4C77E48506}.Release|Any CPU.ActiveCfg = Release|Any CPU
		{2375F024-FF95-4F93-B7FD-0C4C77E48506}.Release|Any CPU.Build.0 = Release|Any CPU
		{9A94CFD9-7450-44DE-8691-D03D1D9DF4AF}.Debug|Any CPU.ActiveCfg = Debug|Any CPU
		{9A94CFD9-7450-44DE-8691-D03D1D9DF4AF}.Debug|Any CPU.Build.0 = Debug|Any CPU
		{9A94CFD9-7450-44DE-8691-D03D1D9DF4AF}.Release|Any CPU.ActiveCfg = Release|Any CPU
		{9A94CFD9-7450-44DE-8691-D03D1D9DF4AF}.Release|Any CPU.Build.0 = Release|Any CPU
		{6CCAAA5C-C54F-4800-910D-656D9D0050C3}.Debug|Any CPU.ActiveCfg = Debug|Any CPU
		{6CCAAA5C-C54F-4800-910D-656D9D0050C3}.Debug|Any CPU.Build.0 = Debug|Any CPU
		{6CCAAA5C-C54F-4800-910D-656D9D0050C3}.Release|Any CPU.ActiveCfg = Release|Any CPU
		{6CCAAA5C-C54F-4800-910D-656D9D0050C3}.Release|Any CPU.Build.0 = Release|Any CPU
		{048EFB3B-656D-4710-BCF9-DCA25726F4E7}.Debug|Any CPU.ActiveCfg = Debug|Any CPU
		{048EFB3B-656D-4710-BCF9-DCA25726F4E7}.Debug|Any CPU.Build.0 = Debug|Any CPU
		{048EFB3B-656D-4710-BCF9-DCA25726F4E7}.Release|Any CPU.ActiveCfg = Release|Any CPU
		{048EFB3B-656D-4710-BCF9-DCA25726F4E7}.Release|Any CPU.Build.0 = Release|Any CPU
		{C9C2AC47-26A6-4163-9295-9CA176E2EFA4}.Debug|Any CPU.ActiveCfg = Debug|Any CPU
		{C9C2AC47-26A6-4163-9295-9CA176E2EFA4}.Debug|Any CPU.Build.0 = Debug|Any CPU
		{C9C2AC47-26A6-4163-9295-9CA176E2EFA4}.Release|Any CPU.ActiveCfg = Release|Any CPU
		{C9C2AC47-26A6-4163-9295-9CA176E2EFA4}.Release|Any CPU.Build.0 = Release|Any CPU
		{93EC947E-B8A3-4D78-8420-9042C4C57B06}.Debug|Any CPU.ActiveCfg = Debug|Any CPU
		{93EC947E-B8A3-4D78-8420-9042C4C57B06}.Debug|Any CPU.Build.0 = Debug|Any CPU
		{93EC947E-B8A3-4D78-8420-9042C4C57B06}.Release|Any CPU.ActiveCfg = Release|Any CPU
		{93EC947E-B8A3-4D78-8420-9042C4C57B06}.Release|Any CPU.Build.0 = Release|Any CPU
		{5A80243D-5A5B-4514-8274-923ED787E36A}.Debug|Any CPU.ActiveCfg = Debug|Any CPU
		{5A80243D-5A5B-4514-8274-923ED787E36A}.Debug|Any CPU.Build.0 = Debug|Any CPU
		{5A80243D-5A5B-4514-8274-923ED787E36A}.Release|Any CPU.ActiveCfg = Release|Any CPU
		{5A80243D-5A5B-4514-8274-923ED787E36A}.Release|Any CPU.Build.0 = Release|Any CPU
		{F1959BF4-4F0A-4CEC-9978-0EDF9E16D86C}.Debug|Any CPU.ActiveCfg = Debug|Any CPU
		{F1959BF4-4F0A-4CEC-9978-0EDF9E16D86C}.Debug|Any CPU.Build.0 = Debug|Any CPU
		{F1959BF4-4F0A-4CEC-9978-0EDF9E16D86C}.Release|Any CPU.ActiveCfg = Release|Any CPU
		{F1959BF4-4F0A-4CEC-9978-0EDF9E16D86C}.Release|Any CPU.Build.0 = Release|Any CPU
		{FAEF90B3-7CE9-421E-ABD1-4B9F212F271F}.Debug|Any CPU.ActiveCfg = Debug|Any CPU
		{FAEF90B3-7CE9-421E-ABD1-4B9F212F271F}.Debug|Any CPU.Build.0 = Debug|Any CPU
		{FAEF90B3-7CE9-421E-ABD1-4B9F212F271F}.Release|Any CPU.ActiveCfg = Release|Any CPU
		{FAEF90B3-7CE9-421E-ABD1-4B9F212F271F}.Release|Any CPU.Build.0 = Release|Any CPU
		{23E5B748-F0DA-45C8-BE0C-10B9ACC99A87}.Debug|Any CPU.ActiveCfg = Debug|Any CPU
		{23E5B748-F0DA-45C8-BE0C-10B9ACC99A87}.Debug|Any CPU.Build.0 = Debug|Any CPU
		{23E5B748-F0DA-45C8-BE0C-10B9ACC99A87}.Release|Any CPU.ActiveCfg = Release|Any CPU
		{23E5B748-F0DA-45C8-BE0C-10B9ACC99A87}.Release|Any CPU.Build.0 = Release|Any CPU
		{3F682277-7DF6-4107-9D69-080029E18C98}.Debug|Any CPU.ActiveCfg = Debug|Any CPU
		{3F682277-7DF6-4107-9D69-080029E18C98}.Debug|Any CPU.Build.0 = Debug|Any CPU
		{3F682277-7DF6-4107-9D69-080029E18C98}.Release|Any CPU.ActiveCfg = Release|Any CPU
		{3F682277-7DF6-4107-9D69-080029E18C98}.Release|Any CPU.Build.0 = Release|Any CPU
		{E08E117C-5B8A-4A65-A8B4-510F343BDCB7}.Debug|Any CPU.ActiveCfg = Debug|Any CPU
		{E08E117C-5B8A-4A65-A8B4-510F343BDCB7}.Debug|Any CPU.Build.0 = Debug|Any CPU
		{E08E117C-5B8A-4A65-A8B4-510F343BDCB7}.Release|Any CPU.ActiveCfg = Release|Any CPU
		{E08E117C-5B8A-4A65-A8B4-510F343BDCB7}.Release|Any CPU.Build.0 = Release|Any CPU
		{392FEF67-D2A3-46BD-ACAA-7C1EC7D425A1}.Debug|Any CPU.ActiveCfg = Debug|Any CPU
		{392FEF67-D2A3-46BD-ACAA-7C1EC7D425A1}.Debug|Any CPU.Build.0 = Debug|Any CPU
		{392FEF67-D2A3-46BD-ACAA-7C1EC7D425A1}.Release|Any CPU.ActiveCfg = Release|Any CPU
		{392FEF67-D2A3-46BD-ACAA-7C1EC7D425A1}.Release|Any CPU.Build.0 = Release|Any CPU
		{80D6422C-84AB-4BDD-9188-83EA4A2F970C}.Debug|Any CPU.ActiveCfg = Debug|Any CPU
		{80D6422C-84AB-4BDD-9188-83EA4A2F970C}.Debug|Any CPU.Build.0 = Debug|Any CPU
		{80D6422C-84AB-4BDD-9188-83EA4A2F970C}.Release|Any CPU.ActiveCfg = Release|Any CPU
		{80D6422C-84AB-4BDD-9188-83EA4A2F970C}.Release|Any CPU.Build.0 = Release|Any CPU
		{F4DCDA3B-ED96-47DE-97EC-E926FA97C3C4}.Debug|Any CPU.ActiveCfg = Debug|Any CPU
		{F4DCDA3B-ED96-47DE-97EC-E926FA97C3C4}.Debug|Any CPU.Build.0 = Debug|Any CPU
		{F4DCDA3B-ED96-47DE-97EC-E926FA97C3C4}.Release|Any CPU.ActiveCfg = Release|Any CPU
		{F4DCDA3B-ED96-47DE-97EC-E926FA97C3C4}.Release|Any CPU.Build.0 = Release|Any CPU
		{D1300691-597C-4F4F-B1BB-7749F96E9E68}.Debug|Any CPU.ActiveCfg = Debug|Any CPU
		{D1300691-597C-4F4F-B1BB-7749F96E9E68}.Debug|Any CPU.Build.0 = Debug|Any CPU
		{D1300691-597C-4F4F-B1BB-7749F96E9E68}.Release|Any CPU.ActiveCfg = Release|Any CPU
		{D1300691-597C-4F4F-B1BB-7749F96E9E68}.Release|Any CPU.Build.0 = Release|Any CPU
		{804C13C0-448B-4B2B-A6B2-35EC7CF86A04}.Debug|Any CPU.ActiveCfg = Debug|Any CPU
		{804C13C0-448B-4B2B-A6B2-35EC7CF86A04}.Debug|Any CPU.Build.0 = Debug|Any CPU
		{804C13C0-448B-4B2B-A6B2-35EC7CF86A04}.Release|Any CPU.ActiveCfg = Release|Any CPU
		{804C13C0-448B-4B2B-A6B2-35EC7CF86A04}.Release|Any CPU.Build.0 = Release|Any CPU
		{67F86F07-1C36-4A6D-A6B3-DB4BCB6B5784}.Debug|Any CPU.ActiveCfg = Debug|Any CPU
		{67F86F07-1C36-4A6D-A6B3-DB4BCB6B5784}.Debug|Any CPU.Build.0 = Debug|Any CPU
		{67F86F07-1C36-4A6D-A6B3-DB4BCB6B5784}.Release|Any CPU.ActiveCfg = Release|Any CPU
		{67F86F07-1C36-4A6D-A6B3-DB4BCB6B5784}.Release|Any CPU.Build.0 = Release|Any CPU
		{C860B66C-5FF9-4841-BA21-76966047FC93}.Debug|Any CPU.ActiveCfg = Debug|Any CPU
		{C860B66C-5FF9-4841-BA21-76966047FC93}.Debug|Any CPU.Build.0 = Debug|Any CPU
		{C860B66C-5FF9-4841-BA21-76966047FC93}.Release|Any CPU.ActiveCfg = Release|Any CPU
		{C860B66C-5FF9-4841-BA21-76966047FC93}.Release|Any CPU.Build.0 = Release|Any CPU
		{8D298E65-C178-46BF-A1FE-2FAC479020C1}.Debug|Any CPU.ActiveCfg = Debug|Any CPU
		{8D298E65-C178-46BF-A1FE-2FAC479020C1}.Debug|Any CPU.Build.0 = Debug|Any CPU
		{8D298E65-C178-46BF-A1FE-2FAC479020C1}.Release|Any CPU.ActiveCfg = Release|Any CPU
		{8D298E65-C178-46BF-A1FE-2FAC479020C1}.Release|Any CPU.Build.0 = Release|Any CPU
		{601DD69A-64B4-46A6-A87E-EC426574417A}.Debug|Any CPU.ActiveCfg = Debug|Any CPU
		{601DD69A-64B4-46A6-A87E-EC426574417A}.Debug|Any CPU.Build.0 = Debug|Any CPU
		{601DD69A-64B4-46A6-A87E-EC426574417A}.Release|Any CPU.ActiveCfg = Release|Any CPU
		{601DD69A-64B4-46A6-A87E-EC426574417A}.Release|Any CPU.Build.0 = Release|Any CPU
		{C5778001-0692-4773-BA91-64C1B1C49594}.Debug|Any CPU.ActiveCfg = Debug|Any CPU
		{C5778001-0692-4773-BA91-64C1B1C49594}.Debug|Any CPU.Build.0 = Debug|Any CPU
		{C5778001-0692-4773-BA91-64C1B1C49594}.Release|Any CPU.ActiveCfg = Release|Any CPU
		{C5778001-0692-4773-BA91-64C1B1C49594}.Release|Any CPU.Build.0 = Release|Any CPU
		{F5ECB1F4-14F0-4F66-BE92-C784634F944A}.Debug|Any CPU.ActiveCfg = Debug|Any CPU
		{F5ECB1F4-14F0-4F66-BE92-C784634F944A}.Debug|Any CPU.Build.0 = Debug|Any CPU
		{F5ECB1F4-14F0-4F66-BE92-C784634F944A}.Release|Any CPU.ActiveCfg = Release|Any CPU
		{F5ECB1F4-14F0-4F66-BE92-C784634F944A}.Release|Any CPU.Build.0 = Release|Any CPU
		{BD3A8663-F694-4BD3-BB57-5FFC5942E61C}.Debug|Any CPU.ActiveCfg = Debug|Any CPU
		{BD3A8663-F694-4BD3-BB57-5FFC5942E61C}.Debug|Any CPU.Build.0 = Debug|Any CPU
		{BD3A8663-F694-4BD3-BB57-5FFC5942E61C}.Release|Any CPU.ActiveCfg = Release|Any CPU
		{BD3A8663-F694-4BD3-BB57-5FFC5942E61C}.Release|Any CPU.Build.0 = Release|Any CPU
		{911201BE-C324-4869-A082-F03EF144FD64}.Debug|Any CPU.ActiveCfg = Debug|Any CPU
		{911201BE-C324-4869-A082-F03EF144FD64}.Debug|Any CPU.Build.0 = Debug|Any CPU
		{911201BE-C324-4869-A082-F03EF144FD64}.Release|Any CPU.ActiveCfg = Release|Any CPU
		{911201BE-C324-4869-A082-F03EF144FD64}.Release|Any CPU.Build.0 = Release|Any CPU
		{FE1B05A8-87E7-4602-A626-71876A28CD0C}.Debug|Any CPU.ActiveCfg = Debug|Any CPU
		{FE1B05A8-87E7-4602-A626-71876A28CD0C}.Debug|Any CPU.Build.0 = Debug|Any CPU
		{FE1B05A8-87E7-4602-A626-71876A28CD0C}.Release|Any CPU.ActiveCfg = Release|Any CPU
		{FE1B05A8-87E7-4602-A626-71876A28CD0C}.Release|Any CPU.Build.0 = Release|Any CPU
		{0D4C7E01-C42A-41D4-9E71-6DB100DCE8DE}.Debug|Any CPU.ActiveCfg = Debug|Any CPU
		{0D4C7E01-C42A-41D4-9E71-6DB100DCE8DE}.Debug|Any CPU.Build.0 = Debug|Any CPU
		{0D4C7E01-C42A-41D4-9E71-6DB100DCE8DE}.Release|Any CPU.ActiveCfg = Release|Any CPU
		{0D4C7E01-C42A-41D4-9E71-6DB100DCE8DE}.Release|Any CPU.Build.0 = Release|Any CPU
		{0FA6B404-261D-4316-886C-C97A62145987}.Debug|Any CPU.ActiveCfg = Debug|Any CPU
		{0FA6B404-261D-4316-886C-C97A62145987}.Debug|Any CPU.Build.0 = Debug|Any CPU
		{0FA6B404-261D-4316-886C-C97A62145987}.Release|Any CPU.ActiveCfg = Release|Any CPU
		{0FA6B404-261D-4316-886C-C97A62145987}.Release|Any CPU.Build.0 = Release|Any CPU
		{2BD0D280-F43C-4D82-8B1C-7D284298FABC}.Debug|Any CPU.ActiveCfg = Debug|Any CPU
		{2BD0D280-F43C-4D82-8B1C-7D284298FABC}.Debug|Any CPU.Build.0 = Debug|Any CPU
		{2BD0D280-F43C-4D82-8B1C-7D284298FABC}.Release|Any CPU.ActiveCfg = Release|Any CPU
		{2BD0D280-F43C-4D82-8B1C-7D284298FABC}.Release|Any CPU.Build.0 = Release|Any CPU
		{D3EB7F45-C3BF-4E4E-A0CC-0E1799B3A93B}.Debug|Any CPU.ActiveCfg = Debug|Any CPU
		{D3EB7F45-C3BF-4E4E-A0CC-0E1799B3A93B}.Debug|Any CPU.Build.0 = Debug|Any CPU
		{D3EB7F45-C3BF-4E4E-A0CC-0E1799B3A93B}.Release|Any CPU.ActiveCfg = Release|Any CPU
		{D3EB7F45-C3BF-4E4E-A0CC-0E1799B3A93B}.Release|Any CPU.Build.0 = Release|Any CPU
		{6582C5C6-06FA-48F6-BB92-18291B861BA0}.Debug|Any CPU.ActiveCfg = Debug|Any CPU
		{6582C5C6-06FA-48F6-BB92-18291B861BA0}.Debug|Any CPU.Build.0 = Debug|Any CPU
		{6582C5C6-06FA-48F6-BB92-18291B861BA0}.Release|Any CPU.ActiveCfg = Release|Any CPU
		{6582C5C6-06FA-48F6-BB92-18291B861BA0}.Release|Any CPU.Build.0 = Release|Any CPU
		{E46F49A4-D75D-4170-A947-B324F931684F}.Debug|Any CPU.ActiveCfg = Debug|Any CPU
		{E46F49A4-D75D-4170-A947-B324F931684F}.Debug|Any CPU.Build.0 = Debug|Any CPU
		{E46F49A4-D75D-4170-A947-B324F931684F}.Release|Any CPU.ActiveCfg = Release|Any CPU
		{E46F49A4-D75D-4170-A947-B324F931684F}.Release|Any CPU.Build.0 = Release|Any CPU
		{32168D53-23EC-44B8-B821-771CAA763007}.Debug|Any CPU.ActiveCfg = Debug|Any CPU
		{32168D53-23EC-44B8-B821-771CAA763007}.Debug|Any CPU.Build.0 = Debug|Any CPU
		{32168D53-23EC-44B8-B821-771CAA763007}.Release|Any CPU.ActiveCfg = Release|Any CPU
		{32168D53-23EC-44B8-B821-771CAA763007}.Release|Any CPU.Build.0 = Release|Any CPU
		{62EB0538-D6C3-4A85-BD07-732920A3F036}.Debug|Any CPU.ActiveCfg = Debug|Any CPU
		{62EB0538-D6C3-4A85-BD07-732920A3F036}.Debug|Any CPU.Build.0 = Debug|Any CPU
		{62EB0538-D6C3-4A85-BD07-732920A3F036}.Release|Any CPU.ActiveCfg = Release|Any CPU
		{62EB0538-D6C3-4A85-BD07-732920A3F036}.Release|Any CPU.Build.0 = Release|Any CPU
		{1DDD6632-4FBF-4651-8F0B-62B128A9E9EA}.Debug|Any CPU.ActiveCfg = Debug|Any CPU
		{1DDD6632-4FBF-4651-8F0B-62B128A9E9EA}.Debug|Any CPU.Build.0 = Debug|Any CPU
		{1DDD6632-4FBF-4651-8F0B-62B128A9E9EA}.Release|Any CPU.ActiveCfg = Release|Any CPU
		{1DDD6632-4FBF-4651-8F0B-62B128A9E9EA}.Release|Any CPU.Build.0 = Release|Any CPU
		{E72D105A-20F6-49CD-A379-8A5DCECFD198}.Debug|Any CPU.ActiveCfg = Debug|Any CPU
		{E72D105A-20F6-49CD-A379-8A5DCECFD198}.Debug|Any CPU.Build.0 = Debug|Any CPU
		{E72D105A-20F6-49CD-A379-8A5DCECFD198}.Release|Any CPU.ActiveCfg = Release|Any CPU
		{E72D105A-20F6-49CD-A379-8A5DCECFD198}.Release|Any CPU.Build.0 = Release|Any CPU
		{F10CAF61-75AF-499F-BF99-113D74AC3AC8}.Debug|Any CPU.ActiveCfg = Debug|Any CPU
		{F10CAF61-75AF-499F-BF99-113D74AC3AC8}.Debug|Any CPU.Build.0 = Debug|Any CPU
		{F10CAF61-75AF-499F-BF99-113D74AC3AC8}.Release|Any CPU.ActiveCfg = Release|Any CPU
		{F10CAF61-75AF-499F-BF99-113D74AC3AC8}.Release|Any CPU.Build.0 = Release|Any CPU
		{5D8CF594-16F7-4F4E-8643-2B3C2F922361}.Debug|Any CPU.ActiveCfg = Debug|Any CPU
		{5D8CF594-16F7-4F4E-8643-2B3C2F922361}.Debug|Any CPU.Build.0 = Debug|Any CPU
		{5D8CF594-16F7-4F4E-8643-2B3C2F922361}.Release|Any CPU.ActiveCfg = Release|Any CPU
		{5D8CF594-16F7-4F4E-8643-2B3C2F922361}.Release|Any CPU.Build.0 = Release|Any CPU
		{8EA40036-B440-4B8A-9594-34883AA3812F}.Debug|Any CPU.ActiveCfg = Debug|Any CPU
		{8EA40036-B440-4B8A-9594-34883AA3812F}.Debug|Any CPU.Build.0 = Debug|Any CPU
		{8EA40036-B440-4B8A-9594-34883AA3812F}.Release|Any CPU.ActiveCfg = Release|Any CPU
		{8EA40036-B440-4B8A-9594-34883AA3812F}.Release|Any CPU.Build.0 = Release|Any CPU
		{487AFDE4-74C9-42BA-8797-8F14FBC4ABA7}.Debug|Any CPU.ActiveCfg = Debug|Any CPU
		{487AFDE4-74C9-42BA-8797-8F14FBC4ABA7}.Debug|Any CPU.Build.0 = Debug|Any CPU
		{487AFDE4-74C9-42BA-8797-8F14FBC4ABA7}.Release|Any CPU.ActiveCfg = Release|Any CPU
		{487AFDE4-74C9-42BA-8797-8F14FBC4ABA7}.Release|Any CPU.Build.0 = Release|Any CPU
		{2DE89581-8C85-4391-9ECB-EEB299D1151B}.Debug|Any CPU.ActiveCfg = Debug|Any CPU
		{2DE89581-8C85-4391-9ECB-EEB299D1151B}.Debug|Any CPU.Build.0 = Debug|Any CPU
		{2DE89581-8C85-4391-9ECB-EEB299D1151B}.Release|Any CPU.ActiveCfg = Release|Any CPU
		{2DE89581-8C85-4391-9ECB-EEB299D1151B}.Release|Any CPU.Build.0 = Release|Any CPU
		{967B8962-DDA6-47CC-862A-E6CF282567D2}.Debug|Any CPU.ActiveCfg = Debug|Any CPU
		{967B8962-DDA6-47CC-862A-E6CF282567D2}.Debug|Any CPU.Build.0 = Debug|Any CPU
		{967B8962-DDA6-47CC-862A-E6CF282567D2}.Release|Any CPU.ActiveCfg = Release|Any CPU
		{967B8962-DDA6-47CC-862A-E6CF282567D2}.Release|Any CPU.Build.0 = Release|Any CPU
		{D26907B1-B2F5-4E3D-9CC2-936872EA38DC}.Debug|Any CPU.ActiveCfg = Debug|Any CPU
		{D26907B1-B2F5-4E3D-9CC2-936872EA38DC}.Debug|Any CPU.Build.0 = Debug|Any CPU
		{D26907B1-B2F5-4E3D-9CC2-936872EA38DC}.Release|Any CPU.ActiveCfg = Release|Any CPU
		{D26907B1-B2F5-4E3D-9CC2-936872EA38DC}.Release|Any CPU.Build.0 = Release|Any CPU
		{A03E1CD1-7EAC-4D01-8F9B-BF16EDA0E331}.Debug|Any CPU.ActiveCfg = Debug|Any CPU
		{A03E1CD1-7EAC-4D01-8F9B-BF16EDA0E331}.Debug|Any CPU.Build.0 = Debug|Any CPU
		{A03E1CD1-7EAC-4D01-8F9B-BF16EDA0E331}.Release|Any CPU.ActiveCfg = Release|Any CPU
		{A03E1CD1-7EAC-4D01-8F9B-BF16EDA0E331}.Release|Any CPU.Build.0 = Release|Any CPU
		{E6AFF5CD-14B8-47B4-AF68-AA09DB1236F5}.Debug|Any CPU.ActiveCfg = Debug|Any CPU
		{E6AFF5CD-14B8-47B4-AF68-AA09DB1236F5}.Debug|Any CPU.Build.0 = Debug|Any CPU
		{E6AFF5CD-14B8-47B4-AF68-AA09DB1236F5}.Release|Any CPU.ActiveCfg = Release|Any CPU
		{E6AFF5CD-14B8-47B4-AF68-AA09DB1236F5}.Release|Any CPU.Build.0 = Release|Any CPU
		{1D9CDF30-D008-443D-9CED-6C9415B4FB19}.Debug|Any CPU.ActiveCfg = Debug|Any CPU
		{1D9CDF30-D008-443D-9CED-6C9415B4FB19}.Debug|Any CPU.Build.0 = Debug|Any CPU
		{1D9CDF30-D008-443D-9CED-6C9415B4FB19}.Release|Any CPU.ActiveCfg = Release|Any CPU
		{1D9CDF30-D008-443D-9CED-6C9415B4FB19}.Release|Any CPU.Build.0 = Release|Any CPU
		{F82C6E19-C7BC-462B-9D05-B7F09756D22C}.Debug|Any CPU.ActiveCfg = Debug|Any CPU
		{F82C6E19-C7BC-462B-9D05-B7F09756D22C}.Debug|Any CPU.Build.0 = Debug|Any CPU
		{F82C6E19-C7BC-462B-9D05-B7F09756D22C}.Release|Any CPU.ActiveCfg = Release|Any CPU
		{F82C6E19-C7BC-462B-9D05-B7F09756D22C}.Release|Any CPU.Build.0 = Release|Any CPU
		{D64B8150-FDBD-498F-A340-46CB87D10693}.Debug|Any CPU.ActiveCfg = Debug|Any CPU
		{D64B8150-FDBD-498F-A340-46CB87D10693}.Debug|Any CPU.Build.0 = Debug|Any CPU
		{D64B8150-FDBD-498F-A340-46CB87D10693}.Release|Any CPU.ActiveCfg = Release|Any CPU
		{D64B8150-FDBD-498F-A340-46CB87D10693}.Release|Any CPU.Build.0 = Release|Any CPU
		{8B466D0C-01CF-436C-ABD4-52DE97DA0BC7}.Debug|Any CPU.ActiveCfg = Debug|Any CPU
		{8B466D0C-01CF-436C-ABD4-52DE97DA0BC7}.Debug|Any CPU.Build.0 = Debug|Any CPU
		{8B466D0C-01CF-436C-ABD4-52DE97DA0BC7}.Release|Any CPU.ActiveCfg = Release|Any CPU
		{8B466D0C-01CF-436C-ABD4-52DE97DA0BC7}.Release|Any CPU.Build.0 = Release|Any CPU
		{704A6348-1D8A-40CE-85DF-D88674C29484}.Debug|Any CPU.ActiveCfg = Debug|Any CPU
		{704A6348-1D8A-40CE-85DF-D88674C29484}.Debug|Any CPU.Build.0 = Debug|Any CPU
		{704A6348-1D8A-40CE-85DF-D88674C29484}.Release|Any CPU.ActiveCfg = Release|Any CPU
		{704A6348-1D8A-40CE-85DF-D88674C29484}.Release|Any CPU.Build.0 = Release|Any CPU
		{3FC1CBAF-CCD0-4356-AB46-8D9743CC0584}.Debug|Any CPU.ActiveCfg = Debug|Any CPU
		{3FC1CBAF-CCD0-4356-AB46-8D9743CC0584}.Debug|Any CPU.Build.0 = Debug|Any CPU
		{3FC1CBAF-CCD0-4356-AB46-8D9743CC0584}.Release|Any CPU.ActiveCfg = Release|Any CPU
		{3FC1CBAF-CCD0-4356-AB46-8D9743CC0584}.Release|Any CPU.Build.0 = Release|Any CPU
		{D6684745-75F9-46BE-A36B-4345D02FB489}.Debug|Any CPU.ActiveCfg = Debug|Any CPU
		{D6684745-75F9-46BE-A36B-4345D02FB489}.Debug|Any CPU.Build.0 = Debug|Any CPU
		{D6684745-75F9-46BE-A36B-4345D02FB489}.Release|Any CPU.ActiveCfg = Release|Any CPU
		{D6684745-75F9-46BE-A36B-4345D02FB489}.Release|Any CPU.Build.0 = Release|Any CPU
		{8DF848B2-5316-43FD-8AE5-34CAB03D36C4}.Debug|Any CPU.ActiveCfg = Debug|Any CPU
		{8DF848B2-5316-43FD-8AE5-34CAB03D36C4}.Debug|Any CPU.Build.0 = Debug|Any CPU
		{8DF848B2-5316-43FD-8AE5-34CAB03D36C4}.Release|Any CPU.ActiveCfg = Release|Any CPU
		{8DF848B2-5316-43FD-8AE5-34CAB03D36C4}.Release|Any CPU.Build.0 = Release|Any CPU
		{6E112957-15B6-4D4E-B8D6-3B880263AE6F}.Debug|Any CPU.ActiveCfg = Debug|Any CPU
		{6E112957-15B6-4D4E-B8D6-3B880263AE6F}.Debug|Any CPU.Build.0 = Debug|Any CPU
		{6E112957-15B6-4D4E-B8D6-3B880263AE6F}.Release|Any CPU.ActiveCfg = Release|Any CPU
		{6E112957-15B6-4D4E-B8D6-3B880263AE6F}.Release|Any CPU.Build.0 = Release|Any CPU
		{E0075204-5495-483B-A6A4-562CEDB4BDFA}.Debug|Any CPU.ActiveCfg = Debug|Any CPU
		{E0075204-5495-483B-A6A4-562CEDB4BDFA}.Debug|Any CPU.Build.0 = Debug|Any CPU
		{E0075204-5495-483B-A6A4-562CEDB4BDFA}.Release|Any CPU.ActiveCfg = Release|Any CPU
		{E0075204-5495-483B-A6A4-562CEDB4BDFA}.Release|Any CPU.Build.0 = Release|Any CPU
		{3E5A4053-5EA5-4BA8-AF08-C1FACF452E9A}.Debug|Any CPU.ActiveCfg = Debug|Any CPU
		{3E5A4053-5EA5-4BA8-AF08-C1FACF452E9A}.Debug|Any CPU.Build.0 = Debug|Any CPU
		{3E5A4053-5EA5-4BA8-AF08-C1FACF452E9A}.Release|Any CPU.ActiveCfg = Release|Any CPU
		{3E5A4053-5EA5-4BA8-AF08-C1FACF452E9A}.Release|Any CPU.Build.0 = Release|Any CPU
		{64441D3A-800F-4B1F-BB46-6381F418D950}.Debug|Any CPU.ActiveCfg = Debug|Any CPU
		{64441D3A-800F-4B1F-BB46-6381F418D950}.Debug|Any CPU.Build.0 = Debug|Any CPU
		{64441D3A-800F-4B1F-BB46-6381F418D950}.Release|Any CPU.ActiveCfg = Release|Any CPU
		{64441D3A-800F-4B1F-BB46-6381F418D950}.Release|Any CPU.Build.0 = Release|Any CPU
		{10FFCBC3-70CA-4432-87D5-74F6B56E449C}.Debug|Any CPU.ActiveCfg = Debug|Any CPU
		{10FFCBC3-70CA-4432-87D5-74F6B56E449C}.Debug|Any CPU.Build.0 = Debug|Any CPU
		{10FFCBC3-70CA-4432-87D5-74F6B56E449C}.Release|Any CPU.ActiveCfg = Release|Any CPU
		{10FFCBC3-70CA-4432-87D5-74F6B56E449C}.Release|Any CPU.Build.0 = Release|Any CPU
		{00135325-7389-4FE0-82BD-2B4BEB5D660E}.Debug|Any CPU.ActiveCfg = Debug|Any CPU
		{00135325-7389-4FE0-82BD-2B4BEB5D660E}.Debug|Any CPU.Build.0 = Debug|Any CPU
		{00135325-7389-4FE0-82BD-2B4BEB5D660E}.Release|Any CPU.ActiveCfg = Release|Any CPU
		{00135325-7389-4FE0-82BD-2B4BEB5D660E}.Release|Any CPU.Build.0 = Release|Any CPU
		{2E3F2DE1-B726-44EE-9322-61EF9BC7C09D}.Debug|Any CPU.ActiveCfg = Debug|Any CPU
		{2E3F2DE1-B726-44EE-9322-61EF9BC7C09D}.Debug|Any CPU.Build.0 = Debug|Any CPU
		{2E3F2DE1-B726-44EE-9322-61EF9BC7C09D}.Release|Any CPU.ActiveCfg = Release|Any CPU
		{2E3F2DE1-B726-44EE-9322-61EF9BC7C09D}.Release|Any CPU.Build.0 = Release|Any CPU
	EndGlobalSection
	GlobalSection(SolutionProperties) = preSolution
		HideSolutionNode = FALSE
	EndGlobalSection
	GlobalSection(NestedProjects) = preSolution
		{922F6ECB-C1CA-4119-8752-523ACDE90AE6} = {CF526890-96E8-4253-A9DB-4E86A93B9B96}
		{069A9E88-76C5-464F-86BB-1B2851ECB9ED} = {922F6ECB-C1CA-4119-8752-523ACDE90AE6}
		{7C653B2A-1B97-43C0-B08E-6AE4D398EA73} = {922F6ECB-C1CA-4119-8752-523ACDE90AE6}
		{46890B88-D1FD-4DD1-8052-465A52DB0292} = {CF526890-96E8-4253-A9DB-4E86A93B9B96}
		{DFEC2C4B-0DF8-473F-99F1-454A0F20A6D6} = {46890B88-D1FD-4DD1-8052-465A52DB0292}
		{93526665-9BD5-4DDB-A096-E555BF745454} = {46890B88-D1FD-4DD1-8052-465A52DB0292}
		{0BC1C236-BB5B-4F21-9589-571E60D55D3A} = {CF526890-96E8-4253-A9DB-4E86A93B9B96}
		{BA8D38C0-B173-4938-889C-6B06744C768D} = {62EF6900-E43D-4D4A-9685-B84E887EC1DD}
		{94DB3D1F-D48F-4D29-BACC-E7B9466747D5} = {BA8D38C0-B173-4938-889C-6B06744C768D}
		{AEC47D49-CA2D-4A45-A069-E1EDAD457B55} = {0BC1C236-BB5B-4F21-9589-571E60D55D3A}
		{D5CEEE42-9726-46EA-915F-83027E5E1F0D} = {0BC1C236-BB5B-4F21-9589-571E60D55D3A}
		{92716CA9-FCC8-479D-92F3-F6DA4D03CA1E} = {CF526890-96E8-4253-A9DB-4E86A93B9B96}
		{F4F6C825-41BC-437B-ADA0-D9CF730C4730} = {92716CA9-FCC8-479D-92F3-F6DA4D03CA1E}
		{17E73A15-844F-40C5-939D-7148F0738EE7} = {92716CA9-FCC8-479D-92F3-F6DA4D03CA1E}
		{EEB95B4C-0981-4FC6-ACF0-C34DA8731FDB} = {CF526890-96E8-4253-A9DB-4E86A93B9B96}
		{9D6A4945-CF53-44A9-987A-657D407BC5FA} = {EEB95B4C-0981-4FC6-ACF0-C34DA8731FDB}
		{487F313B-43DC-456F-B125-C4E9C13D663A} = {EEB95B4C-0981-4FC6-ACF0-C34DA8731FDB}
		{C4D06E7D-5884-4D2B-A061-1023DC849E5D} = {CF526890-96E8-4253-A9DB-4E86A93B9B96}
		{6174ECFD-7207-4C1D-AEF1-1E6B58226CA7} = {C4D06E7D-5884-4D2B-A061-1023DC849E5D}
		{29D5B83C-7B7D-426A-A8EC-12FA62C8EDFA} = {C4D06E7D-5884-4D2B-A061-1023DC849E5D}
		{6CAC4E55-12FC-4ADD-AA41-EA0A8602767B} = {CF526890-96E8-4253-A9DB-4E86A93B9B96}
		{C03F525D-CF3D-4C64-9451-277B808C5F24} = {6CAC4E55-12FC-4ADD-AA41-EA0A8602767B}
		{2375F024-FF95-4F93-B7FD-0C4C77E48506} = {6CAC4E55-12FC-4ADD-AA41-EA0A8602767B}
		{D11974A4-475A-480F-A25F-B9F092188A7B} = {CF526890-96E8-4253-A9DB-4E86A93B9B96}
		{9A94CFD9-7450-44DE-8691-D03D1D9DF4AF} = {D11974A4-475A-480F-A25F-B9F092188A7B}
		{6CCAAA5C-C54F-4800-910D-656D9D0050C3} = {D11974A4-475A-480F-A25F-B9F092188A7B}
		{B9C8F46E-3D1E-4EA5-9BA4-DC5B4DE18DDA} = {CF526890-96E8-4253-A9DB-4E86A93B9B96}
		{048EFB3B-656D-4710-BCF9-DCA25726F4E7} = {B9C8F46E-3D1E-4EA5-9BA4-DC5B4DE18DDA}
		{C9C2AC47-26A6-4163-9295-9CA176E2EFA4} = {B9C8F46E-3D1E-4EA5-9BA4-DC5B4DE18DDA}
		{E3062E85-212A-46CD-9A19-4733A81C6BAC} = {CF526890-96E8-4253-A9DB-4E86A93B9B96}
		{93EC947E-B8A3-4D78-8420-9042C4C57B06} = {E3062E85-212A-46CD-9A19-4733A81C6BAC}
		{5A80243D-5A5B-4514-8274-923ED787E36A} = {E3062E85-212A-46CD-9A19-4733A81C6BAC}
		{AD7A0CC3-6BD0-4563-99C1-A1B4C7827E68} = {CF526890-96E8-4253-A9DB-4E86A93B9B96}
		{F1959BF4-4F0A-4CEC-9978-0EDF9E16D86C} = {AD7A0CC3-6BD0-4563-99C1-A1B4C7827E68}
		{FAEF90B3-7CE9-421E-ABD1-4B9F212F271F} = {AD7A0CC3-6BD0-4563-99C1-A1B4C7827E68}
		{4F3B9F53-2912-4BA1-A4FF-7E9AF6C1752E} = {CF526890-96E8-4253-A9DB-4E86A93B9B96}
		{23E5B748-F0DA-45C8-BE0C-10B9ACC99A87} = {4F3B9F53-2912-4BA1-A4FF-7E9AF6C1752E}
		{3F682277-7DF6-4107-9D69-080029E18C98} = {4F3B9F53-2912-4BA1-A4FF-7E9AF6C1752E}
		{03C2F2B7-68B2-4EDE-8F6D-7DA11D9F676A} = {CF526890-96E8-4253-A9DB-4E86A93B9B96}
		{E08E117C-5B8A-4A65-A8B4-510F343BDCB7} = {03C2F2B7-68B2-4EDE-8F6D-7DA11D9F676A}
		{392FEF67-D2A3-46BD-ACAA-7C1EC7D425A1} = {03C2F2B7-68B2-4EDE-8F6D-7DA11D9F676A}
		{A2FD2FA2-2FA7-44B5-9516-E1F01E78184F} = {CF526890-96E8-4253-A9DB-4E86A93B9B96}
		{80D6422C-84AB-4BDD-9188-83EA4A2F970C} = {A2FD2FA2-2FA7-44B5-9516-E1F01E78184F}
		{F4DCDA3B-ED96-47DE-97EC-E926FA97C3C4} = {A2FD2FA2-2FA7-44B5-9516-E1F01E78184F}
		{EE522B3C-F34E-4924-B3A8-2000B1934672} = {CF526890-96E8-4253-A9DB-4E86A93B9B96}
		{D1300691-597C-4F4F-B1BB-7749F96E9E68} = {EE522B3C-F34E-4924-B3A8-2000B1934672}
		{804C13C0-448B-4B2B-A6B2-35EC7CF86A04} = {EE522B3C-F34E-4924-B3A8-2000B1934672}
		{1F46CF24-F2B6-4A50-B540-58BE70726B2D} = {CF526890-96E8-4253-A9DB-4E86A93B9B96}
		{67F86F07-1C36-4A6D-A6B3-DB4BCB6B5784} = {1F46CF24-F2B6-4A50-B540-58BE70726B2D}
		{C860B66C-5FF9-4841-BA21-76966047FC93} = {1F46CF24-F2B6-4A50-B540-58BE70726B2D}
		{B252945E-6020-4217-9466-E9878E4FE331} = {CF526890-96E8-4253-A9DB-4E86A93B9B96}
		{8D298E65-C178-46BF-A1FE-2FAC479020C1} = {B252945E-6020-4217-9466-E9878E4FE331}
		{601DD69A-64B4-46A6-A87E-EC426574417A} = {B252945E-6020-4217-9466-E9878E4FE331}
		{0C6734D5-FF32-4354-8982-AAA683252FE2} = {CF526890-96E8-4253-A9DB-4E86A93B9B96}
		{C5778001-0692-4773-BA91-64C1B1C49594} = {0C6734D5-FF32-4354-8982-AAA683252FE2}
		{F5ECB1F4-14F0-4F66-BE92-C784634F944A} = {0C6734D5-FF32-4354-8982-AAA683252FE2}
		{8CB77FF1-4336-4881-BFC2-8FBF0B516EA1} = {CF526890-96E8-4253-A9DB-4E86A93B9B96}
		{BD3A8663-F694-4BD3-BB57-5FFC5942E61C} = {8CB77FF1-4336-4881-BFC2-8FBF0B516EA1}
		{911201BE-C324-4869-A082-F03EF144FD64} = {8CB77FF1-4336-4881-BFC2-8FBF0B516EA1}
		{FE1B05A8-87E7-4602-A626-71876A28CD0C} = {BA8D38C0-B173-4938-889C-6B06744C768D}
		{26A20850-B06C-4C1F-A2F9-30281E937645} = {62EF6900-E43D-4D4A-9685-B84E887EC1DD}
		{0D4C7E01-C42A-41D4-9E71-6DB100DCE8DE} = {26A20850-B06C-4C1F-A2F9-30281E937645}
		{0FA6B404-261D-4316-886C-C97A62145987} = {26A20850-B06C-4C1F-A2F9-30281E937645}
		{A188AF58-C619-4B51-BDE9-74ACB5588509} = {62EF6900-E43D-4D4A-9685-B84E887EC1DD}
		{2BD0D280-F43C-4D82-8B1C-7D284298FABC} = {A188AF58-C619-4B51-BDE9-74ACB5588509}
		{D3EB7F45-C3BF-4E4E-A0CC-0E1799B3A93B} = {A188AF58-C619-4B51-BDE9-74ACB5588509}
		{586DA71B-55C7-49F9-A702-55061F309DA2} = {62EF6900-E43D-4D4A-9685-B84E887EC1DD}
		{6582C5C6-06FA-48F6-BB92-18291B861BA0} = {586DA71B-55C7-49F9-A702-55061F309DA2}
		{E46F49A4-D75D-4170-A947-B324F931684F} = {586DA71B-55C7-49F9-A702-55061F309DA2}
		{22807BC1-EFF4-446E-9503-DA8C30C1F049} = {62EF6900-E43D-4D4A-9685-B84E887EC1DD}
		{32168D53-23EC-44B8-B821-771CAA763007} = {22807BC1-EFF4-446E-9503-DA8C30C1F049}
		{62EB0538-D6C3-4A85-BD07-732920A3F036} = {22807BC1-EFF4-446E-9503-DA8C30C1F049}
		{5FD4CC15-21FF-48E0-8654-C05DE84370D6} = {62EF6900-E43D-4D4A-9685-B84E887EC1DD}
		{1DDD6632-4FBF-4651-8F0B-62B128A9E9EA} = {5FD4CC15-21FF-48E0-8654-C05DE84370D6}
		{E72D105A-20F6-49CD-A379-8A5DCECFD198} = {5FD4CC15-21FF-48E0-8654-C05DE84370D6}
		{A78F97D7-7A9E-4D69-98EA-1B2787E1ED01} = {62EF6900-E43D-4D4A-9685-B84E887EC1DD}
		{F10CAF61-75AF-499F-BF99-113D74AC3AC8} = {A78F97D7-7A9E-4D69-98EA-1B2787E1ED01}
		{5D8CF594-16F7-4F4E-8643-2B3C2F922361} = {A78F97D7-7A9E-4D69-98EA-1B2787E1ED01}
		{27460C9A-3C78-408B-AD35-F51B7BDDD915} = {62EF6900-E43D-4D4A-9685-B84E887EC1DD}
		{8EA40036-B440-4B8A-9594-34883AA3812F} = {27460C9A-3C78-408B-AD35-F51B7BDDD915}
		{487AFDE4-74C9-42BA-8797-8F14FBC4ABA7} = {27460C9A-3C78-408B-AD35-F51B7BDDD915}
		{049C6AAE-8DA1-4759-A195-497C2C1442E8} = {62EF6900-E43D-4D4A-9685-B84E887EC1DD}
		{2DE89581-8C85-4391-9ECB-EEB299D1151B} = {049C6AAE-8DA1-4759-A195-497C2C1442E8}
		{967B8962-DDA6-47CC-862A-E6CF282567D2} = {049C6AAE-8DA1-4759-A195-497C2C1442E8}
		{0A01CFB0-9812-4FC8-8228-5AAD74E11636} = {62EF6900-E43D-4D4A-9685-B84E887EC1DD}
		{D26907B1-B2F5-4E3D-9CC2-936872EA38DC} = {0A01CFB0-9812-4FC8-8228-5AAD74E11636}
		{A03E1CD1-7EAC-4D01-8F9B-BF16EDA0E331} = {0A01CFB0-9812-4FC8-8228-5AAD74E11636}
		{14986BA9-4A9C-41BE-8EB3-13C62838820C} = {62EF6900-E43D-4D4A-9685-B84E887EC1DD}
		{E6AFF5CD-14B8-47B4-AF68-AA09DB1236F5} = {14986BA9-4A9C-41BE-8EB3-13C62838820C}
		{1D9CDF30-D008-443D-9CED-6C9415B4FB19} = {14986BA9-4A9C-41BE-8EB3-13C62838820C}
		{518FD5D9-EF38-44F6-A525-E98370A56D29} = {62EF6900-E43D-4D4A-9685-B84E887EC1DD}
		{9187AD82-3C78-4838-82F4-341693D0BE2F} = {62EF6900-E43D-4D4A-9685-B84E887EC1DD}
		{F82C6E19-C7BC-462B-9D05-B7F09756D22C} = {9187AD82-3C78-4838-82F4-341693D0BE2F}
		{D64B8150-FDBD-498F-A340-46CB87D10693} = {9187AD82-3C78-4838-82F4-341693D0BE2F}
		{8B466D0C-01CF-436C-ABD4-52DE97DA0BC7} = {518FD5D9-EF38-44F6-A525-E98370A56D29}
		{704A6348-1D8A-40CE-85DF-D88674C29484} = {518FD5D9-EF38-44F6-A525-E98370A56D29}
		{597DF5B3-15FA-4B76-A9A1-814174626356} = {62EF6900-E43D-4D4A-9685-B84E887EC1DD}
		{3FC1CBAF-CCD0-4356-AB46-8D9743CC0584} = {597DF5B3-15FA-4B76-A9A1-814174626356}
		{D6684745-75F9-46BE-A36B-4345D02FB489} = {597DF5B3-15FA-4B76-A9A1-814174626356}
		{6D970E2F-60D6-4B2D-AC68-CF7B414AC5E1} = {62EF6900-E43D-4D4A-9685-B84E887EC1DD}
		{8DF848B2-5316-43FD-8AE5-34CAB03D36C4} = {6D970E2F-60D6-4B2D-AC68-CF7B414AC5E1}
		{6E112957-15B6-4D4E-B8D6-3B880263AE6F} = {6D970E2F-60D6-4B2D-AC68-CF7B414AC5E1}
		{30EB9541-172D-456E-A3AA-D12795ED904E} = {62EF6900-E43D-4D4A-9685-B84E887EC1DD}
		{E0075204-5495-483B-A6A4-562CEDB4BDFA} = {30EB9541-172D-456E-A3AA-D12795ED904E}
		{3E5A4053-5EA5-4BA8-AF08-C1FACF452E9A} = {30EB9541-172D-456E-A3AA-D12795ED904E}
		{64441D3A-800F-4B1F-BB46-6381F418D950} = {02EA681E-C7D8-13C7-8484-4AC65E1B71E8}
		{10FFCBC3-70CA-4432-87D5-74F6B56E449C} = {02EA681E-C7D8-13C7-8484-4AC65E1B71E8}
		{00135325-7389-4FE0-82BD-2B4BEB5D660E} = {44B55FB7-22EC-456F-99AD-87907BA2ACAB}
		{2E3F2DE1-B726-44EE-9322-61EF9BC7C09D} = {44B55FB7-22EC-456F-99AD-87907BA2ACAB}
	EndGlobalSection
	GlobalSection(ExtensibilityGlobals) = postSolution
		SolutionGuid = {63A44BB5-0C1E-4311-A4BB-8C2ED0526360}
	EndGlobalSection
EndGlobal
