
Microsoft Visual Studio Solution File, Format Version 12.00
# Visual Studio Version 17
VisualStudioVersion = 17.8.34330.188
MinimumVisualStudioVersion = 10.0.40219.1
Project("{9A19103F-16F7-4668-BE54-9A1E7A4F7556}") = "aoc", "aoc\aoc.csproj", "{CE75718E-E526-4940-9BD9-EEEEBABE162B}"
EndProject
Project("{9A19103F-16F7-4668-BE54-9A1E7A4F7556}") = "test", "test\test.csproj", "{1EB316C4-916E-493C-978C-18C16E581684}"
EndProject
Global
	GlobalSection(SolutionConfigurationPlatforms) = preSolution
		Debug|Any CPU = Debug|Any CPU
		Release|Any CPU = Release|Any CPU
	EndGlobalSection
	GlobalSection(ProjectConfigurationPlatforms) = postSolution
		{CE75718E-E526-4940-9BD9-EEEEBABE162B}.Debug|Any CPU.ActiveCfg = Debug|Any CPU
		{CE75718E-E526-4940-9BD9-EEEEBABE162B}.Debug|Any CPU.Build.0 = Debug|Any CPU
		{CE75718E-E526-4940-9BD9-EEEEBABE162B}.Release|Any CPU.ActiveCfg = Release|Any CPU
		{CE75718E-E526-4940-9BD9-EEEEBABE162B}.Release|Any CPU.Build.0 = Release|Any CPU
		{1EB316C4-916E-493C-978C-18C16E581684}.Debug|Any CPU.ActiveCfg = Debug|Any CPU
		{1EB316C4-916E-493C-978C-18C16E581684}.Debug|Any CPU.Build.0 = Debug|Any CPU
		{1EB316C4-916E-493C-978C-18C16E581684}.Release|Any CPU.ActiveCfg = Release|Any CPU
		{1EB316C4-916E-493C-978C-18C16E581684}.Release|Any CPU.Build.0 = Release|Any CPU
	EndGlobalSection
	GlobalSection(SolutionProperties) = preSolution
		HideSolutionNode = FALSE
	EndGlobalSection
	GlobalSection(ExtensibilityGlobals) = postSolution
		SolutionGuid = {63A44BB5-0C1E-4311-A4BB-8C2ED0526360}
	EndGlobalSection
EndGlobal
