
Microsoft Visual Studio Solution File, Format Version 12.00
# Visual Studio Version 17
VisualStudioVersion = 17.8.34330.188
MinimumVisualStudioVersion = 10.0.40219.1
Project("{2150E333-8FDC-42A3-9474-1A3956D46DE8}") = "2023", "2023", "{CF526890-96E8-4253-A9DB-4E86A93B9B96}"
EndProject
Project("{2150E333-8FDC-42A3-9474-1A3956D46DE8}") = "Day01", "Day01", "{922F6ECB-C1CA-4119-8752-523ACDE90AE6}"
EndProject
Project("{9A19103F-16F7-4668-BE54-9A1E7A4F7556}") = "src", "2023\Day01\src\src.csproj", "{069A9E88-76C5-464F-86BB-1B2851ECB9ED}"
EndProject
Project("{9A19103F-16F7-4668-BE54-9A1E7A4F7556}") = "tests", "2023\Day01\tests\tests.csproj", "{7C653B2A-1B97-43C0-B08E-6AE4D398EA73}"
EndProject
Project("{2150E333-8FDC-42A3-9474-1A3956D46DE8}") = "Day02", "Day02", "{46890B88-D1FD-4DD1-8052-465A52DB0292}"
EndProject
Project("{9A19103F-16F7-4668-BE54-9A1E7A4F7556}") = "Day02.Src", "2023\Day02\Day02.Src\Day02.Src.csproj", "{DFEC2C4B-0DF8-473F-99F1-454A0F20A6D6}"
EndProject
Project("{9A19103F-16F7-4668-BE54-9A1E7A4F7556}") = "Day02.Test", "2023\Day02\Day02.Test\Day02.Test.csproj", "{93526665-9BD5-4DDB-A096-E555BF745454}"
EndProject
Project("{2150E333-8FDC-42A3-9474-1A3956D46DE8}") = "Day03", "Day03", "{0BC1C236-BB5B-4F21-9589-571E60D55D3A}"
EndProject
Project("{9A19103F-16F7-4668-BE54-9A1E7A4F7556}") = "Day03.Src", "2023\Day03\Day03.Src\Day03.Src.csproj", "{AEC47D49-CA2D-4A45-A069-E1EDAD457B55}"
EndProject
Project("{9A19103F-16F7-4668-BE54-9A1E7A4F7556}") = "Day03.Test", "2023\Day03\Day03.Test\Day03.Test.csproj", "{D5CEEE42-9726-46EA-915F-83027E5E1F0D}"
EndProject
Project("{2150E333-8FDC-42A3-9474-1A3956D46DE8}") = "Day04", "Day04", "{92716CA9-FCC8-479D-92F3-F6DA4D03CA1E}"
EndProject
Project("{9A19103F-16F7-4668-BE54-9A1E7A4F7556}") = "Day04.Src", "2023\Day04\Day04.Src\Day04.Src.csproj", "{F4F6C825-41BC-437B-ADA0-D9CF730C4730}"
EndProject
Project("{9A19103F-16F7-4668-BE54-9A1E7A4F7556}") = "Day04.Test", "2023\Day04\Day04.Test\Day04.Test.csproj", "{17E73A15-844F-40C5-939D-7148F0738EE7}"
EndProject
Project("{2150E333-8FDC-42A3-9474-1A3956D46DE8}") = "Day05", "Day05", "{EEB95B4C-0981-4FC6-ACF0-C34DA8731FDB}"
EndProject
Project("{9A19103F-16F7-4668-BE54-9A1E7A4F7556}") = "Day05.Src", "2023\Day05\Day05.Src\Day05.Src.csproj", "{9D6A4945-CF53-44A9-987A-657D407BC5FA}"
EndProject
Project("{9A19103F-16F7-4668-BE54-9A1E7A4F7556}") = "Day05.Test", "2023\Day05\Day05.Test\Day05.Test.csproj", "{487F313B-43DC-456F-B125-C4E9C13D663A}"
EndProject
Project("{2150E333-8FDC-42A3-9474-1A3956D46DE8}") = "Day06", "Day06", "{C4D06E7D-5884-4D2B-A061-1023DC849E5D}"
EndProject
Project("{9A19103F-16F7-4668-BE54-9A1E7A4F7556}") = "Day06.Src", "2023\Day06\Day06.Src\Day06.Src.csproj", "{6174ECFD-7207-4C1D-AEF1-1E6B58226CA7}"
EndProject
Project("{9A19103F-16F7-4668-BE54-9A1E7A4F7556}") = "Day06.Test", "2023\Day06\Day06.Test\Day06.Test.csproj", "{29D5B83C-7B7D-426A-A8EC-12FA62C8EDFA}"
EndProject
Project("{2150E333-8FDC-42A3-9474-1A3956D46DE8}") = "Day07", "Day07", "{6CAC4E55-12FC-4ADD-AA41-EA0A8602767B}"
EndProject
Project("{9A19103F-16F7-4668-BE54-9A1E7A4F7556}") = "Day07.Src", "2023\Day07\Day07.Src\Day07.Src.csproj", "{C03F525D-CF3D-4C64-9451-277B808C5F24}"
EndProject
Project("{9A19103F-16F7-4668-BE54-9A1E7A4F7556}") = "Day07.Test", "2023\Day07\Day07.Test\Day07.Test.csproj", "{2375F024-FF95-4F93-B7FD-0C4C77E48506}"
EndProject
Project("{2150E333-8FDC-42A3-9474-1A3956D46DE8}") = "Day08", "Day08", "{D11974A4-475A-480F-A25F-B9F092188A7B}"
EndProject
Project("{9A19103F-16F7-4668-BE54-9A1E7A4F7556}") = "Day08.Src", "2023\Day08\Day08.Src\Day08.Src.csproj", "{9A94CFD9-7450-44DE-8691-D03D1D9DF4AF}"
EndProject
Project("{9A19103F-16F7-4668-BE54-9A1E7A4F7556}") = "Day08.Test", "2023\Day08\Day08.Test\Day08.Test.csproj", "{6CCAAA5C-C54F-4800-910D-656D9D0050C3}"
EndProject
Project("{2150E333-8FDC-42A3-9474-1A3956D46DE8}") = "Day09", "Day09", "{B9C8F46E-3D1E-4EA5-9BA4-DC5B4DE18DDA}"
EndProject
Project("{9A19103F-16F7-4668-BE54-9A1E7A4F7556}") = "Day09.Src", "2023\Day09\Day09.Src\Day09.Src.csproj", "{048EFB3B-656D-4710-BCF9-DCA25726F4E7}"
EndProject
Project("{9A19103F-16F7-4668-BE54-9A1E7A4F7556}") = "Day09.Test", "2023\Day09\Day09.Test\Day09.Test.csproj", "{C9C2AC47-26A6-4163-9295-9CA176E2EFA4}"
EndProject
Project("{2150E333-8FDC-42A3-9474-1A3956D46DE8}") = "Day10", "Day10", "{E3062E85-212A-46CD-9A19-4733A81C6BAC}"
EndProject
Project("{9A19103F-16F7-4668-BE54-9A1E7A4F7556}") = "Day10.Src", "2023\Day10\Day10.Src\Day10.Src.csproj", "{93EC947E-B8A3-4D78-8420-9042C4C57B06}"
EndProject
Project("{9A19103F-16F7-4668-BE54-9A1E7A4F7556}") = "Day10.Test", "2023\Day10\Day10.Test\Day10.Test.csproj", "{5A80243D-5A5B-4514-8274-923ED787E36A}"
EndProject
Project("{2150E333-8FDC-42A3-9474-1A3956D46DE8}") = "Day11", "Day11", "{AD7A0CC3-6BD0-4563-99C1-A1B4C7827E68}"
EndProject
Project("{9A19103F-16F7-4668-BE54-9A1E7A4F7556}") = "Day11.Src", "2023\Day11\Day11.Src\Day11.Src.csproj", "{F1959BF4-4F0A-4CEC-9978-0EDF9E16D86C}"
EndProject
Project("{9A19103F-16F7-4668-BE54-9A1E7A4F7556}") = "Day11.Test", "2023\Day11\Day11.Test\Day11.Test.csproj", "{FAEF90B3-7CE9-421E-ABD1-4B9F212F271F}"
EndProject
Project("{2150E333-8FDC-42A3-9474-1A3956D46DE8}") = "Day12", "Day12", "{4F3B9F53-2912-4BA1-A4FF-7E9AF6C1752E}"
EndProject
Project("{9A19103F-16F7-4668-BE54-9A1E7A4F7556}") = "Day12.Src", "2023\Day12\Day12.Src\Day12.Src.csproj", "{23E5B748-F0DA-45C8-BE0C-10B9ACC99A87}"
EndProject
Project("{9A19103F-16F7-4668-BE54-9A1E7A4F7556}") = "Day12.Test", "2023\Day12\Day12.Test\Day12.Test.csproj", "{3F682277-7DF6-4107-9D69-080029E18C98}"
EndProject
Project("{2150E333-8FDC-42A3-9474-1A3956D46DE8}") = "Day13", "Day13", "{03C2F2B7-68B2-4EDE-8F6D-7DA11D9F676A}"
EndProject
Project("{9A19103F-16F7-4668-BE54-9A1E7A4F7556}") = "Day13.Src", "2023\Day13\Day13.Src\Day13.Src.csproj", "{E08E117C-5B8A-4A65-A8B4-510F343BDCB7}"
EndProject
Project("{9A19103F-16F7-4668-BE54-9A1E7A4F7556}") = "Day13.Test", "2023\Day13\Day13.Test\Day13.Test.csproj", "{392FEF67-D2A3-46BD-ACAA-7C1EC7D425A1}"
EndProject
Project("{2150E333-8FDC-42A3-9474-1A3956D46DE8}") = "Day14", "Day14", "{A2FD2FA2-2FA7-44B5-9516-E1F01E78184F}"
EndProject
Project("{9A19103F-16F7-4668-BE54-9A1E7A4F7556}") = "Day14.Src", "2023\Day14\Day14.Src\Day14.Src.csproj", "{80D6422C-84AB-4BDD-9188-83EA4A2F970C}"
EndProject
Project("{FAE04EC0-301F-11D3-BF4B-00C04F79EFBC}") = "Day14.Test", "2023\Day14\Day14.Test\Day14.Test.csproj", "{F4DCDA3B-ED96-47DE-97EC-E926FA97C3C4}"
EndProject
Project("{2150E333-8FDC-42A3-9474-1A3956D46DE8}") = "Day15", "Day15", "{EE522B3C-F34E-4924-B3A8-2000B1934672}"
EndProject
Project("{FAE04EC0-301F-11D3-BF4B-00C04F79EFBC}") = "Day15.Src", "2023\Day15\Day15.Src\Day15.Src.csproj", "{D1300691-597C-4F4F-B1BB-7749F96E9E68}"
EndProject
Project("{FAE04EC0-301F-11D3-BF4B-00C04F79EFBC}") = "Day15.Test", "2023\Day15\Day15.Test\Day15.Test.csproj", "{804C13C0-448B-4B2B-A6B2-35EC7CF86A04}"
EndProject
Global
	GlobalSection(SolutionConfigurationPlatforms) = preSolution
		Debug|Any CPU = Debug|Any CPU
		Release|Any CPU = Release|Any CPU
	EndGlobalSection
	GlobalSection(ProjectConfigurationPlatforms) = postSolution
		{069A9E88-76C5-464F-86BB-1B2851ECB9ED}.Debug|Any CPU.ActiveCfg = Debug|Any CPU
		{069A9E88-76C5-464F-86BB-1B2851ECB9ED}.Debug|Any CPU.Build.0 = Debug|Any CPU
		{069A9E88-76C5-464F-86BB-1B2851ECB9ED}.Release|Any CPU.ActiveCfg = Release|Any CPU
		{069A9E88-76C5-464F-86BB-1B2851ECB9ED}.Release|Any CPU.Build.0 = Release|Any CPU
		{7C653B2A-1B97-43C0-B08E-6AE4D398EA73}.Debug|Any CPU.ActiveCfg = Debug|Any CPU
		{7C653B2A-1B97-43C0-B08E-6AE4D398EA73}.Debug|Any CPU.Build.0 = Debug|Any CPU
		{7C653B2A-1B97-43C0-B08E-6AE4D398EA73}.Release|Any CPU.ActiveCfg = Release|Any CPU
		{7C653B2A-1B97-43C0-B08E-6AE4D398EA73}.Release|Any CPU.Build.0 = Release|Any CPU
		{DFEC2C4B-0DF8-473F-99F1-454A0F20A6D6}.Debug|Any CPU.ActiveCfg = Debug|Any CPU
		{DFEC2C4B-0DF8-473F-99F1-454A0F20A6D6}.Debug|Any CPU.Build.0 = Debug|Any CPU
		{DFEC2C4B-0DF8-473F-99F1-454A0F20A6D6}.Release|Any CPU.ActiveCfg = Release|Any CPU
		{DFEC2C4B-0DF8-473F-99F1-454A0F20A6D6}.Release|Any CPU.Build.0 = Release|Any CPU
		{93526665-9BD5-4DDB-A096-E555BF745454}.Debug|Any CPU.ActiveCfg = Debug|Any CPU
		{93526665-9BD5-4DDB-A096-E555BF745454}.Debug|Any CPU.Build.0 = Debug|Any CPU
		{93526665-9BD5-4DDB-A096-E555BF745454}.Release|Any CPU.ActiveCfg = Release|Any CPU
		{93526665-9BD5-4DDB-A096-E555BF745454}.Release|Any CPU.Build.0 = Release|Any CPU
		{AEC47D49-CA2D-4A45-A069-E1EDAD457B55}.Debug|Any CPU.ActiveCfg = Debug|Any CPU
		{AEC47D49-CA2D-4A45-A069-E1EDAD457B55}.Debug|Any CPU.Build.0 = Debug|Any CPU
		{AEC47D49-CA2D-4A45-A069-E1EDAD457B55}.Release|Any CPU.ActiveCfg = Release|Any CPU
		{AEC47D49-CA2D-4A45-A069-E1EDAD457B55}.Release|Any CPU.Build.0 = Release|Any CPU
		{D5CEEE42-9726-46EA-915F-83027E5E1F0D}.Debug|Any CPU.ActiveCfg = Debug|Any CPU
		{D5CEEE42-9726-46EA-915F-83027E5E1F0D}.Debug|Any CPU.Build.0 = Debug|Any CPU
		{D5CEEE42-9726-46EA-915F-83027E5E1F0D}.Release|Any CPU.ActiveCfg = Release|Any CPU
		{D5CEEE42-9726-46EA-915F-83027E5E1F0D}.Release|Any CPU.Build.0 = Release|Any CPU
		{F4F6C825-41BC-437B-ADA0-D9CF730C4730}.Debug|Any CPU.ActiveCfg = Debug|Any CPU
		{F4F6C825-41BC-437B-ADA0-D9CF730C4730}.Debug|Any CPU.Build.0 = Debug|Any CPU
		{F4F6C825-41BC-437B-ADA0-D9CF730C4730}.Release|Any CPU.ActiveCfg = Release|Any CPU
		{F4F6C825-41BC-437B-ADA0-D9CF730C4730}.Release|Any CPU.Build.0 = Release|Any CPU
		{17E73A15-844F-40C5-939D-7148F0738EE7}.Debug|Any CPU.ActiveCfg = Debug|Any CPU
		{17E73A15-844F-40C5-939D-7148F0738EE7}.Debug|Any CPU.Build.0 = Debug|Any CPU
		{17E73A15-844F-40C5-939D-7148F0738EE7}.Release|Any CPU.ActiveCfg = Release|Any CPU
		{17E73A15-844F-40C5-939D-7148F0738EE7}.Release|Any CPU.Build.0 = Release|Any CPU
		{9D6A4945-CF53-44A9-987A-657D407BC5FA}.Debug|Any CPU.ActiveCfg = Debug|Any CPU
		{9D6A4945-CF53-44A9-987A-657D407BC5FA}.Debug|Any CPU.Build.0 = Debug|Any CPU
		{9D6A4945-CF53-44A9-987A-657D407BC5FA}.Release|Any CPU.ActiveCfg = Release|Any CPU
		{9D6A4945-CF53-44A9-987A-657D407BC5FA}.Release|Any CPU.Build.0 = Release|Any CPU
		{487F313B-43DC-456F-B125-C4E9C13D663A}.Debug|Any CPU.ActiveCfg = Debug|Any CPU
		{487F313B-43DC-456F-B125-C4E9C13D663A}.Debug|Any CPU.Build.0 = Debug|Any CPU
		{487F313B-43DC-456F-B125-C4E9C13D663A}.Release|Any CPU.ActiveCfg = Release|Any CPU
		{487F313B-43DC-456F-B125-C4E9C13D663A}.Release|Any CPU.Build.0 = Release|Any CPU
		{6174ECFD-7207-4C1D-AEF1-1E6B58226CA7}.Debug|Any CPU.ActiveCfg = Debug|Any CPU
		{6174ECFD-7207-4C1D-AEF1-1E6B58226CA7}.Debug|Any CPU.Build.0 = Debug|Any CPU
		{6174ECFD-7207-4C1D-AEF1-1E6B58226CA7}.Release|Any CPU.ActiveCfg = Release|Any CPU
		{6174ECFD-7207-4C1D-AEF1-1E6B58226CA7}.Release|Any CPU.Build.0 = Release|Any CPU
		{29D5B83C-7B7D-426A-A8EC-12FA62C8EDFA}.Debug|Any CPU.ActiveCfg = Debug|Any CPU
		{29D5B83C-7B7D-426A-A8EC-12FA62C8EDFA}.Debug|Any CPU.Build.0 = Debug|Any CPU
		{29D5B83C-7B7D-426A-A8EC-12FA62C8EDFA}.Release|Any CPU.ActiveCfg = Release|Any CPU
		{29D5B83C-7B7D-426A-A8EC-12FA62C8EDFA}.Release|Any CPU.Build.0 = Release|Any CPU
		{C03F525D-CF3D-4C64-9451-277B808C5F24}.Debug|Any CPU.ActiveCfg = Debug|Any CPU
		{C03F525D-CF3D-4C64-9451-277B808C5F24}.Debug|Any CPU.Build.0 = Debug|Any CPU
		{C03F525D-CF3D-4C64-9451-277B808C5F24}.Release|Any CPU.ActiveCfg = Release|Any CPU
		{C03F525D-CF3D-4C64-9451-277B808C5F24}.Release|Any CPU.Build.0 = Release|Any CPU
		{2375F024-FF95-4F93-B7FD-0C4C77E48506}.Debug|Any CPU.ActiveCfg = Debug|Any CPU
		{2375F024-FF95-4F93-B7FD-0C4C77E48506}.Debug|Any CPU.Build.0 = Debug|Any CPU
		{2375F024-FF95-4F93-B7FD-0C4C77E48506}.Release|Any CPU.ActiveCfg = Release|Any CPU
		{2375F024-FF95-4F93-B7FD-0C4C77E48506}.Release|Any CPU.Build.0 = Release|Any CPU
		{9A94CFD9-7450-44DE-8691-D03D1D9DF4AF}.Debug|Any CPU.ActiveCfg = Debug|Any CPU
		{9A94CFD9-7450-44DE-8691-D03D1D9DF4AF}.Debug|Any CPU.Build.0 = Debug|Any CPU
		{9A94CFD9-7450-44DE-8691-D03D1D9DF4AF}.Release|Any CPU.ActiveCfg = Release|Any CPU
		{9A94CFD9-7450-44DE-8691-D03D1D9DF4AF}.Release|Any CPU.Build.0 = Release|Any CPU
		{6CCAAA5C-C54F-4800-910D-656D9D0050C3}.Debug|Any CPU.ActiveCfg = Debug|Any CPU
		{6CCAAA5C-C54F-4800-910D-656D9D0050C3}.Debug|Any CPU.Build.0 = Debug|Any CPU
		{6CCAAA5C-C54F-4800-910D-656D9D0050C3}.Release|Any CPU.ActiveCfg = Release|Any CPU
		{6CCAAA5C-C54F-4800-910D-656D9D0050C3}.Release|Any CPU.Build.0 = Release|Any CPU
		{048EFB3B-656D-4710-BCF9-DCA25726F4E7}.Debug|Any CPU.ActiveCfg = Debug|Any CPU
		{048EFB3B-656D-4710-BCF9-DCA25726F4E7}.Debug|Any CPU.Build.0 = Debug|Any CPU
		{048EFB3B-656D-4710-BCF9-DCA25726F4E7}.Release|Any CPU.ActiveCfg = Release|Any CPU
		{048EFB3B-656D-4710-BCF9-DCA25726F4E7}.Release|Any CPU.Build.0 = Release|Any CPU
		{C9C2AC47-26A6-4163-9295-9CA176E2EFA4}.Debug|Any CPU.ActiveCfg = Debug|Any CPU
		{C9C2AC47-26A6-4163-9295-9CA176E2EFA4}.Debug|Any CPU.Build.0 = Debug|Any CPU
		{C9C2AC47-26A6-4163-9295-9CA176E2EFA4}.Release|Any CPU.ActiveCfg = Release|Any CPU
		{C9C2AC47-26A6-4163-9295-9CA176E2EFA4}.Release|Any CPU.Build.0 = Release|Any CPU
		{93EC947E-B8A3-4D78-8420-9042C4C57B06}.Debug|Any CPU.ActiveCfg = Debug|Any CPU
		{93EC947E-B8A3-4D78-8420-9042C4C57B06}.Debug|Any CPU.Build.0 = Debug|Any CPU
		{93EC947E-B8A3-4D78-8420-9042C4C57B06}.Release|Any CPU.ActiveCfg = Release|Any CPU
		{93EC947E-B8A3-4D78-8420-9042C4C57B06}.Release|Any CPU.Build.0 = Release|Any CPU
		{5A80243D-5A5B-4514-8274-923ED787E36A}.Debug|Any CPU.ActiveCfg = Debug|Any CPU
		{5A80243D-5A5B-4514-8274-923ED787E36A}.Debug|Any CPU.Build.0 = Debug|Any CPU
		{5A80243D-5A5B-4514-8274-923ED787E36A}.Release|Any CPU.ActiveCfg = Release|Any CPU
		{5A80243D-5A5B-4514-8274-923ED787E36A}.Release|Any CPU.Build.0 = Release|Any CPU
		{F1959BF4-4F0A-4CEC-9978-0EDF9E16D86C}.Debug|Any CPU.ActiveCfg = Debug|Any CPU
		{F1959BF4-4F0A-4CEC-9978-0EDF9E16D86C}.Debug|Any CPU.Build.0 = Debug|Any CPU
		{F1959BF4-4F0A-4CEC-9978-0EDF9E16D86C}.Release|Any CPU.ActiveCfg = Release|Any CPU
		{F1959BF4-4F0A-4CEC-9978-0EDF9E16D86C}.Release|Any CPU.Build.0 = Release|Any CPU
		{FAEF90B3-7CE9-421E-ABD1-4B9F212F271F}.Debug|Any CPU.ActiveCfg = Debug|Any CPU
		{FAEF90B3-7CE9-421E-ABD1-4B9F212F271F}.Debug|Any CPU.Build.0 = Debug|Any CPU
		{FAEF90B3-7CE9-421E-ABD1-4B9F212F271F}.Release|Any CPU.ActiveCfg = Release|Any CPU
		{FAEF90B3-7CE9-421E-ABD1-4B9F212F271F}.Release|Any CPU.Build.0 = Release|Any CPU
		{23E5B748-F0DA-45C8-BE0C-10B9ACC99A87}.Debug|Any CPU.ActiveCfg = Debug|Any CPU
		{23E5B748-F0DA-45C8-BE0C-10B9ACC99A87}.Debug|Any CPU.Build.0 = Debug|Any CPU
		{23E5B748-F0DA-45C8-BE0C-10B9ACC99A87}.Release|Any CPU.ActiveCfg = Release|Any CPU
		{23E5B748-F0DA-45C8-BE0C-10B9ACC99A87}.Release|Any CPU.Build.0 = Release|Any CPU
		{3F682277-7DF6-4107-9D69-080029E18C98}.Debug|Any CPU.ActiveCfg = Debug|Any CPU
		{3F682277-7DF6-4107-9D69-080029E18C98}.Debug|Any CPU.Build.0 = Debug|Any CPU
		{3F682277-7DF6-4107-9D69-080029E18C98}.Release|Any CPU.ActiveCfg = Release|Any CPU
		{3F682277-7DF6-4107-9D69-080029E18C98}.Release|Any CPU.Build.0 = Release|Any CPU
		{E08E117C-5B8A-4A65-A8B4-510F343BDCB7}.Debug|Any CPU.ActiveCfg = Debug|Any CPU
		{E08E117C-5B8A-4A65-A8B4-510F343BDCB7}.Debug|Any CPU.Build.0 = Debug|Any CPU
		{E08E117C-5B8A-4A65-A8B4-510F343BDCB7}.Release|Any CPU.ActiveCfg = Release|Any CPU
		{E08E117C-5B8A-4A65-A8B4-510F343BDCB7}.Release|Any CPU.Build.0 = Release|Any CPU
		{392FEF67-D2A3-46BD-ACAA-7C1EC7D425A1}.Debug|Any CPU.ActiveCfg = Debug|Any CPU
		{392FEF67-D2A3-46BD-ACAA-7C1EC7D425A1}.Debug|Any CPU.Build.0 = Debug|Any CPU
		{392FEF67-D2A3-46BD-ACAA-7C1EC7D425A1}.Release|Any CPU.ActiveCfg = Release|Any CPU
		{392FEF67-D2A3-46BD-ACAA-7C1EC7D425A1}.Release|Any CPU.Build.0 = Release|Any CPU
		{80D6422C-84AB-4BDD-9188-83EA4A2F970C}.Debug|Any CPU.ActiveCfg = Debug|Any CPU
		{80D6422C-84AB-4BDD-9188-83EA4A2F970C}.Debug|Any CPU.Build.0 = Debug|Any CPU
		{80D6422C-84AB-4BDD-9188-83EA4A2F970C}.Release|Any CPU.ActiveCfg = Release|Any CPU
		{80D6422C-84AB-4BDD-9188-83EA4A2F970C}.Release|Any CPU.Build.0 = Release|Any CPU
		{F4DCDA3B-ED96-47DE-97EC-E926FA97C3C4}.Debug|Any CPU.ActiveCfg = Debug|Any CPU
		{F4DCDA3B-ED96-47DE-97EC-E926FA97C3C4}.Debug|Any CPU.Build.0 = Debug|Any CPU
		{F4DCDA3B-ED96-47DE-97EC-E926FA97C3C4}.Release|Any CPU.ActiveCfg = Release|Any CPU
		{F4DCDA3B-ED96-47DE-97EC-E926FA97C3C4}.Release|Any CPU.Build.0 = Release|Any CPU
		{D1300691-597C-4F4F-B1BB-7749F96E9E68}.Debug|Any CPU.ActiveCfg = Debug|Any CPU
		{D1300691-597C-4F4F-B1BB-7749F96E9E68}.Debug|Any CPU.Build.0 = Debug|Any CPU
		{D1300691-597C-4F4F-B1BB-7749F96E9E68}.Release|Any CPU.ActiveCfg = Release|Any CPU
		{D1300691-597C-4F4F-B1BB-7749F96E9E68}.Release|Any CPU.Build.0 = Release|Any CPU
		{804C13C0-448B-4B2B-A6B2-35EC7CF86A04}.Debug|Any CPU.ActiveCfg = Debug|Any CPU
		{804C13C0-448B-4B2B-A6B2-35EC7CF86A04}.Debug|Any CPU.Build.0 = Debug|Any CPU
		{804C13C0-448B-4B2B-A6B2-35EC7CF86A04}.Release|Any CPU.ActiveCfg = Release|Any CPU
		{804C13C0-448B-4B2B-A6B2-35EC7CF86A04}.Release|Any CPU.Build.0 = Release|Any CPU
	EndGlobalSection
	GlobalSection(SolutionProperties) = preSolution
		HideSolutionNode = FALSE
	EndGlobalSection
	GlobalSection(NestedProjects) = preSolution
		{922F6ECB-C1CA-4119-8752-523ACDE90AE6} = {CF526890-96E8-4253-A9DB-4E86A93B9B96}
		{069A9E88-76C5-464F-86BB-1B2851ECB9ED} = {922F6ECB-C1CA-4119-8752-523ACDE90AE6}
		{7C653B2A-1B97-43C0-B08E-6AE4D398EA73} = {922F6ECB-C1CA-4119-8752-523ACDE90AE6}
		{46890B88-D1FD-4DD1-8052-465A52DB0292} = {CF526890-96E8-4253-A9DB-4E86A93B9B96}
		{DFEC2C4B-0DF8-473F-99F1-454A0F20A6D6} = {46890B88-D1FD-4DD1-8052-465A52DB0292}
		{93526665-9BD5-4DDB-A096-E555BF745454} = {46890B88-D1FD-4DD1-8052-465A52DB0292}
		{0BC1C236-BB5B-4F21-9589-571E60D55D3A} = {CF526890-96E8-4253-A9DB-4E86A93B9B96}
		{AEC47D49-CA2D-4A45-A069-E1EDAD457B55} = {0BC1C236-BB5B-4F21-9589-571E60D55D3A}
		{D5CEEE42-9726-46EA-915F-83027E5E1F0D} = {0BC1C236-BB5B-4F21-9589-571E60D55D3A}
		{92716CA9-FCC8-479D-92F3-F6DA4D03CA1E} = {CF526890-96E8-4253-A9DB-4E86A93B9B96}
		{F4F6C825-41BC-437B-ADA0-D9CF730C4730} = {92716CA9-FCC8-479D-92F3-F6DA4D03CA1E}
		{17E73A15-844F-40C5-939D-7148F0738EE7} = {92716CA9-FCC8-479D-92F3-F6DA4D03CA1E}
		{EEB95B4C-0981-4FC6-ACF0-C34DA8731FDB} = {CF526890-96E8-4253-A9DB-4E86A93B9B96}
		{9D6A4945-CF53-44A9-987A-657D407BC5FA} = {EEB95B4C-0981-4FC6-ACF0-C34DA8731FDB}
		{487F313B-43DC-456F-B125-C4E9C13D663A} = {EEB95B4C-0981-4FC6-ACF0-C34DA8731FDB}
		{C4D06E7D-5884-4D2B-A061-1023DC849E5D} = {CF526890-96E8-4253-A9DB-4E86A93B9B96}
		{6174ECFD-7207-4C1D-AEF1-1E6B58226CA7} = {C4D06E7D-5884-4D2B-A061-1023DC849E5D}
		{29D5B83C-7B7D-426A-A8EC-12FA62C8EDFA} = {C4D06E7D-5884-4D2B-A061-1023DC849E5D}
		{6CAC4E55-12FC-4ADD-AA41-EA0A8602767B} = {CF526890-96E8-4253-A9DB-4E86A93B9B96}
		{C03F525D-CF3D-4C64-9451-277B808C5F24} = {6CAC4E55-12FC-4ADD-AA41-EA0A8602767B}
		{2375F024-FF95-4F93-B7FD-0C4C77E48506} = {6CAC4E55-12FC-4ADD-AA41-EA0A8602767B}
		{D11974A4-475A-480F-A25F-B9F092188A7B} = {CF526890-96E8-4253-A9DB-4E86A93B9B96}
		{9A94CFD9-7450-44DE-8691-D03D1D9DF4AF} = {D11974A4-475A-480F-A25F-B9F092188A7B}
		{6CCAAA5C-C54F-4800-910D-656D9D0050C3} = {D11974A4-475A-480F-A25F-B9F092188A7B}
		{B9C8F46E-3D1E-4EA5-9BA4-DC5B4DE18DDA} = {CF526890-96E8-4253-A9DB-4E86A93B9B96}
		{048EFB3B-656D-4710-BCF9-DCA25726F4E7} = {B9C8F46E-3D1E-4EA5-9BA4-DC5B4DE18DDA}
		{C9C2AC47-26A6-4163-9295-9CA176E2EFA4} = {B9C8F46E-3D1E-4EA5-9BA4-DC5B4DE18DDA}
		{E3062E85-212A-46CD-9A19-4733A81C6BAC} = {CF526890-96E8-4253-A9DB-4E86A93B9B96}
		{93EC947E-B8A3-4D78-8420-9042C4C57B06} = {E3062E85-212A-46CD-9A19-4733A81C6BAC}
		{5A80243D-5A5B-4514-8274-923ED787E36A} = {E3062E85-212A-46CD-9A19-4733A81C6BAC}
		{AD7A0CC3-6BD0-4563-99C1-A1B4C7827E68} = {CF526890-96E8-4253-A9DB-4E86A93B9B96}
		{F1959BF4-4F0A-4CEC-9978-0EDF9E16D86C} = {AD7A0CC3-6BD0-4563-99C1-A1B4C7827E68}
		{FAEF90B3-7CE9-421E-ABD1-4B9F212F271F} = {AD7A0CC3-6BD0-4563-99C1-A1B4C7827E68}
		{4F3B9F53-2912-4BA1-A4FF-7E9AF6C1752E} = {CF526890-96E8-4253-A9DB-4E86A93B9B96}
		{23E5B748-F0DA-45C8-BE0C-10B9ACC99A87} = {4F3B9F53-2912-4BA1-A4FF-7E9AF6C1752E}
		{3F682277-7DF6-4107-9D69-080029E18C98} = {4F3B9F53-2912-4BA1-A4FF-7E9AF6C1752E}
		{03C2F2B7-68B2-4EDE-8F6D-7DA11D9F676A} = {CF526890-96E8-4253-A9DB-4E86A93B9B96}
		{E08E117C-5B8A-4A65-A8B4-510F343BDCB7} = {03C2F2B7-68B2-4EDE-8F6D-7DA11D9F676A}
		{392FEF67-D2A3-46BD-ACAA-7C1EC7D425A1} = {03C2F2B7-68B2-4EDE-8F6D-7DA11D9F676A}
		{A2FD2FA2-2FA7-44B5-9516-E1F01E78184F} = {CF526890-96E8-4253-A9DB-4E86A93B9B96}
		{80D6422C-84AB-4BDD-9188-83EA4A2F970C} = {A2FD2FA2-2FA7-44B5-9516-E1F01E78184F}
		{F4DCDA3B-ED96-47DE-97EC-E926FA97C3C4} = {A2FD2FA2-2FA7-44B5-9516-E1F01E78184F}
		{EE522B3C-F34E-4924-B3A8-2000B1934672} = {CF526890-96E8-4253-A9DB-4E86A93B9B96}
		{D1300691-597C-4F4F-B1BB-7749F96E9E68} = {EE522B3C-F34E-4924-B3A8-2000B1934672}
		{804C13C0-448B-4B2B-A6B2-35EC7CF86A04} = {EE522B3C-F34E-4924-B3A8-2000B1934672}
	EndGlobalSection
	GlobalSection(ExtensibilityGlobals) = postSolution
		SolutionGuid = {63A44BB5-0C1E-4311-A4BB-8C2ED0526360}
	EndGlobalSection
EndGlobal
